// !$*UTF8*$!
{
	archiveVersion = 1;
	classes = {
	};
	objectVersion = 50;
	objects = {

/* Begin PBXBuildFile section */
		25A589ED8B085F1A3DB9498A /* Pods_TinkoffChat.framework in Frameworks */ = {isa = PBXBuildFile; fileRef = 542C4CD015D0489F445068C4 /* Pods_TinkoffChat.framework */; };
		C308831221839847003E1564 /* ExpandableTextView.xib in Resources */ = {isa = PBXBuildFile; fileRef = C308831021839847003E1564 /* ExpandableTextView.xib */; };
		C308831321839847003E1564 /* ExpandableTextView.swift in Sources */ = {isa = PBXBuildFile; fileRef = C308831121839847003E1564 /* ExpandableTextView.swift */; };
		C308831521847826003E1564 /* Peer.swift in Sources */ = {isa = PBXBuildFile; fileRef = C308831421847826003E1564 /* Peer.swift */; };
		C30883172184783F003E1564 /* ICommunicationService.swift in Sources */ = {isa = PBXBuildFile; fileRef = C30883162184783F003E1564 /* ICommunicationService.swift */; };
		C308831921847851003E1564 /* ICommunicationServiceDelegate.swift in Sources */ = {isa = PBXBuildFile; fileRef = C308831821847851003E1564 /* ICommunicationServiceDelegate.swift */; };
		C308831C21847895003E1564 /* IErrorAlertBuilder.swift in Sources */ = {isa = PBXBuildFile; fileRef = C308831B21847895003E1564 /* IErrorAlertBuilder.swift */; };
		C308831E218478A6003E1564 /* ErrorAlertBuilder.swift in Sources */ = {isa = PBXBuildFile; fileRef = C308831D218478A6003E1564 /* ErrorAlertBuilder.swift */; };
		C308832021848856003E1564 /* Conversation.swift in Sources */ = {isa = PBXBuildFile; fileRef = C308831F21848856003E1564 /* Conversation.swift */; };
		C32DEFE4216529AA009645D9 /* ConversationsListViewController.swift in Sources */ = {isa = PBXBuildFile; fileRef = C32DEFE3216529AA009645D9 /* ConversationsListViewController.swift */; };
		C32DEFE6216529EB009645D9 /* ConversationsListViewController.storyboard in Resources */ = {isa = PBXBuildFile; fileRef = C32DEFE5216529EB009645D9 /* ConversationsListViewController.storyboard */; };
		C32DEFE921652B6A009645D9 /* ConversationsListCell.swift in Sources */ = {isa = PBXBuildFile; fileRef = C32DEFE721652B6A009645D9 /* ConversationsListCell.swift */; };
		C32DEFEA21652B6A009645D9 /* ConversationsListCell.xib in Resources */ = {isa = PBXBuildFile; fileRef = C32DEFE821652B6A009645D9 /* ConversationsListCell.xib */; };
		C32DEFEF21655B78009645D9 /* ConversationPreview.swift in Sources */ = {isa = PBXBuildFile; fileRef = C32DEFEE21655B78009645D9 /* ConversationPreview.swift */; };
		C32DEFF12165604E009645D9 /* ConversationsInMemoryStorage.swift in Sources */ = {isa = PBXBuildFile; fileRef = C32DEFF02165604E009645D9 /* ConversationsInMemoryStorage.swift */; };
		C32DEFF621656DCB009645D9 /* ConversationViewController.swift in Sources */ = {isa = PBXBuildFile; fileRef = C32DEFF521656DCB009645D9 /* ConversationViewController.swift */; };
		C32DEFF821656E04009645D9 /* ConversationViewController.storyboard in Resources */ = {isa = PBXBuildFile; fileRef = C32DEFF721656E04009645D9 /* ConversationViewController.storyboard */; };
		C32DEFFB21656FB4009645D9 /* IncomingMessageCell.swift in Sources */ = {isa = PBXBuildFile; fileRef = C32DEFF921656FB4009645D9 /* IncomingMessageCell.swift */; };
		C32DEFFC21656FB4009645D9 /* IncomingMessageCell.xib in Resources */ = {isa = PBXBuildFile; fileRef = C32DEFFA21656FB4009645D9 /* IncomingMessageCell.xib */; };
		C32DEFFF21656FC9009645D9 /* OutgoingMessageCell.swift in Sources */ = {isa = PBXBuildFile; fileRef = C32DEFFD21656FC9009645D9 /* OutgoingMessageCell.swift */; };
		C32DF00021656FC9009645D9 /* OutgoingMessageCell.xib in Resources */ = {isa = PBXBuildFile; fileRef = C32DEFFE21656FC9009645D9 /* OutgoingMessageCell.xib */; };
		C344392E2153A5F20056F34D /* Podfile in Resources */ = {isa = PBXBuildFile; fileRef = C344392D2153A5F20056F34D /* Podfile */; };
		C34CE228217CD1620066796A /* OperationsUserInfoStorage.swift in Sources */ = {isa = PBXBuildFile; fileRef = C34CE227217CD1620066796A /* OperationsUserInfoStorage.swift */; };
		C34CE22A217CD1950066796A /* UserInfoPathProvider.swift in Sources */ = {isa = PBXBuildFile; fileRef = C34CE229217CD1950066796A /* UserInfoPathProvider.swift */; };
		C34CE22C217CD1AB0066796A /* IUserInfoPathProvider.swift in Sources */ = {isa = PBXBuildFile; fileRef = C34CE22B217CD1AB0066796A /* IUserInfoPathProvider.swift */; };
		C34CE22E217CD7DE0066796A /* UserInfoStorageProvider.swift in Sources */ = {isa = PBXBuildFile; fileRef = C34CE22D217CD7DD0066796A /* UserInfoStorageProvider.swift */; };
		C34CE230217CD7F30066796A /* IUserInfoStorageProvider.swift in Sources */ = {isa = PBXBuildFile; fileRef = C34CE22F217CD7F30066796A /* IUserInfoStorageProvider.swift */; };
		C354F9182165F1270048320E /* Message.swift in Sources */ = {isa = PBXBuildFile; fileRef = C354F9172165F1270048320E /* Message.swift */; };
		C354F91A2165F60C0048320E /* ChatCell.swift in Sources */ = {isa = PBXBuildFile; fileRef = C354F9192165F60C0048320E /* ChatCell.swift */; };
		C354F91F2165F9D30048320E /* SelectedConversatinPreviewService.swift in Sources */ = {isa = PBXBuildFile; fileRef = C354F91E2165F9D30048320E /* SelectedConversatinPreviewService.swift */; };
		C354F9222165FD550048320E /* SwinjectContainer.swift in Sources */ = {isa = PBXBuildFile; fileRef = C354F9212165FD550048320E /* SwinjectContainer.swift */; };
		C354F927216600FA0048320E /* IConversationView.swift in Sources */ = {isa = PBXBuildFile; fileRef = C354F926216600FA0048320E /* IConversationView.swift */; };
		C354F929216601120048320E /* IConversationPresenter.swift in Sources */ = {isa = PBXBuildFile; fileRef = C354F928216601120048320E /* IConversationPresenter.swift */; };
		C354F92B2166012D0048320E /* ConversationPresenter.swift in Sources */ = {isa = PBXBuildFile; fileRef = C354F92A2166012D0048320E /* ConversationPresenter.swift */; };
		C354F930216604100048320E /* IConversationsListView.swift in Sources */ = {isa = PBXBuildFile; fileRef = C354F92F216604100048320E /* IConversationsListView.swift */; };
		C354F932216604250048320E /* ConversationsListPresenter.swift in Sources */ = {isa = PBXBuildFile; fileRef = C354F931216604250048320E /* ConversationsListPresenter.swift */; };
		C354F9342166043E0048320E /* IConversationsListPresenter.swift in Sources */ = {isa = PBXBuildFile; fileRef = C354F9332166043E0048320E /* IConversationsListPresenter.swift */; };
		C354F936216605080048320E /* IConversationsStorage.swift in Sources */ = {isa = PBXBuildFile; fileRef = C354F935216605080048320E /* IConversationsStorage.swift */; };
		C354F93A216605410048320E /* ISelectedConversationService.swift in Sources */ = {isa = PBXBuildFile; fileRef = C354F939216605410048320E /* ISelectedConversationService.swift */; };
		C35707AF2152E61E00244E5E /* AppDelegate.swift in Sources */ = {isa = PBXBuildFile; fileRef = C35707AE2152E61E00244E5E /* AppDelegate.swift */; };
		C35707B12152E61E00244E5E /* ProfileViewController.swift in Sources */ = {isa = PBXBuildFile; fileRef = C35707B02152E61E00244E5E /* ProfileViewController.swift */; };
		C35707B42152E61E00244E5E /* ProfileViewController.storyboard in Resources */ = {isa = PBXBuildFile; fileRef = C35707B22152E61E00244E5E /* ProfileViewController.storyboard */; };
		C35707B62152E62100244E5E /* Assets.xcassets in Resources */ = {isa = PBXBuildFile; fileRef = C35707B52152E62100244E5E /* Assets.xcassets */; };
		C35707B92152E62100244E5E /* LaunchScreen.storyboard in Resources */ = {isa = PBXBuildFile; fileRef = C35707B72152E62100244E5E /* LaunchScreen.storyboard */; };
		C3DC695E217B9B0800DCEBB1 /* EditProfilePresenter.swift in Sources */ = {isa = PBXBuildFile; fileRef = C3DC695D217B9B0800DCEBB1 /* EditProfilePresenter.swift */; };
		C3DC6960217B9B2700DCEBB1 /* EditProfileViewController.swift in Sources */ = {isa = PBXBuildFile; fileRef = C3DC695F217B9B2700DCEBB1 /* EditProfileViewController.swift */; };
		C3DC6962217B9B3E00DCEBB1 /* EditProfileViewController.storyboard in Resources */ = {isa = PBXBuildFile; fileRef = C3DC6961217B9B3E00DCEBB1 /* EditProfileViewController.storyboard */; };
		C3DC6964217BA71500DCEBB1 /* UserInfo.swift in Sources */ = {isa = PBXBuildFile; fileRef = C3DC6963217BA71500DCEBB1 /* UserInfo.swift */; };
		C3DC6966217BB5C900DCEBB1 /* IUserInfoStorage.swift in Sources */ = {isa = PBXBuildFile; fileRef = C3DC6965217BB5C900DCEBB1 /* IUserInfoStorage.swift */; };
		C3DC6968217BB5E600DCEBB1 /* GCDUserInfoStorage.swift in Sources */ = {isa = PBXBuildFile; fileRef = C3DC6967217BB5E600DCEBB1 /* GCDUserInfoStorage.swift */; };
		C3DC696A217BB7C800DCEBB1 /* IEditProfileView.swift in Sources */ = {isa = PBXBuildFile; fileRef = C3DC6969217BB7C800DCEBB1 /* IEditProfileView.swift */; };
		C3DC696C217BB7F100DCEBB1 /* IEditProfilePresenter.swift in Sources */ = {isa = PBXBuildFile; fileRef = C3DC696B217BB7F100DCEBB1 /* IEditProfilePresenter.swift */; };
		C3DC6976217BD0A000DCEBB1 /* IProfileView.swift in Sources */ = {isa = PBXBuildFile; fileRef = C3DC6975217BD0A000DCEBB1 /* IProfileView.swift */; };
		C3DC6978217BD0B500DCEBB1 /* IProfilePresenter.swift in Sources */ = {isa = PBXBuildFile; fileRef = C3DC6977217BD0B500DCEBB1 /* IProfilePresenter.swift */; };
		C3DC697A217BD0CB00DCEBB1 /* ProfilePresenter.swift in Sources */ = {isa = PBXBuildFile; fileRef = C3DC6979217BD0CB00DCEBB1 /* ProfilePresenter.swift */; };
		C3FF5C152180DDA000D5F899 /* MultipeerConnectionService.swift in Sources */ = {isa = PBXBuildFile; fileRef = C3FF5C142180DDA000D5F899 /* MultipeerConnectionService.swift */; };
/* End PBXBuildFile section */

/* Begin PBXFileReference section */
		542C4CD015D0489F445068C4 /* Pods_TinkoffChat.framework */ = {isa = PBXFileReference; explicitFileType = wrapper.framework; includeInIndex = 0; path = Pods_TinkoffChat.framework; sourceTree = BUILT_PRODUCTS_DIR; };
		586B77D09CDBE0735567996D /* Pods-TinkoffChat.release.xcconfig */ = {isa = PBXFileReference; includeInIndex = 1; lastKnownFileType = text.xcconfig; name = "Pods-TinkoffChat.release.xcconfig"; path = "Pods/Target Support Files/Pods-TinkoffChat/Pods-TinkoffChat.release.xcconfig"; sourceTree = "<group>"; };
		A1DF6E4940474C0A970C8446 /* Pods-TinkoffChat.debug.xcconfig */ = {isa = PBXFileReference; includeInIndex = 1; lastKnownFileType = text.xcconfig; name = "Pods-TinkoffChat.debug.xcconfig"; path = "Pods/Target Support Files/Pods-TinkoffChat/Pods-TinkoffChat.debug.xcconfig"; sourceTree = "<group>"; };
		C308831021839847003E1564 /* ExpandableTextView.xib */ = {isa = PBXFileReference; fileEncoding = 4; lastKnownFileType = file.xib; path = ExpandableTextView.xib; sourceTree = "<group>"; };
		C308831121839847003E1564 /* ExpandableTextView.swift */ = {isa = PBXFileReference; fileEncoding = 4; lastKnownFileType = sourcecode.swift; path = ExpandableTextView.swift; sourceTree = "<group>"; };
		C308831421847826003E1564 /* Peer.swift */ = {isa = PBXFileReference; lastKnownFileType = sourcecode.swift; path = Peer.swift; sourceTree = "<group>"; };
		C30883162184783F003E1564 /* ICommunicationService.swift */ = {isa = PBXFileReference; lastKnownFileType = sourcecode.swift; path = ICommunicationService.swift; sourceTree = "<group>"; };
		C308831821847851003E1564 /* ICommunicationServiceDelegate.swift */ = {isa = PBXFileReference; lastKnownFileType = sourcecode.swift; path = ICommunicationServiceDelegate.swift; sourceTree = "<group>"; };
		C308831B21847895003E1564 /* IErrorAlertBuilder.swift */ = {isa = PBXFileReference; lastKnownFileType = sourcecode.swift; path = IErrorAlertBuilder.swift; sourceTree = "<group>"; };
		C308831D218478A6003E1564 /* ErrorAlertBuilder.swift */ = {isa = PBXFileReference; lastKnownFileType = sourcecode.swift; path = ErrorAlertBuilder.swift; sourceTree = "<group>"; };
		C308831F21848856003E1564 /* Conversation.swift */ = {isa = PBXFileReference; lastKnownFileType = sourcecode.swift; path = Conversation.swift; sourceTree = "<group>"; };
		C32DEFE3216529AA009645D9 /* ConversationsListViewController.swift */ = {isa = PBXFileReference; lastKnownFileType = sourcecode.swift; path = ConversationsListViewController.swift; sourceTree = "<group>"; };
		C32DEFE5216529EB009645D9 /* ConversationsListViewController.storyboard */ = {isa = PBXFileReference; lastKnownFileType = file.storyboard; path = ConversationsListViewController.storyboard; sourceTree = "<group>"; };
		C32DEFE721652B6A009645D9 /* ConversationsListCell.swift */ = {isa = PBXFileReference; lastKnownFileType = sourcecode.swift; path = ConversationsListCell.swift; sourceTree = "<group>"; };
		C32DEFE821652B6A009645D9 /* ConversationsListCell.xib */ = {isa = PBXFileReference; lastKnownFileType = file.xib; path = ConversationsListCell.xib; sourceTree = "<group>"; };
		C32DEFEE21655B78009645D9 /* ConversationPreview.swift */ = {isa = PBXFileReference; lastKnownFileType = sourcecode.swift; path = ConversationPreview.swift; sourceTree = "<group>"; };
		C32DEFF02165604E009645D9 /* ConversationsInMemoryStorage.swift */ = {isa = PBXFileReference; lastKnownFileType = sourcecode.swift; path = ConversationsInMemoryStorage.swift; sourceTree = "<group>"; };
		C32DEFF521656DCB009645D9 /* ConversationViewController.swift */ = {isa = PBXFileReference; lastKnownFileType = sourcecode.swift; path = ConversationViewController.swift; sourceTree = "<group>"; };
		C32DEFF721656E04009645D9 /* ConversationViewController.storyboard */ = {isa = PBXFileReference; lastKnownFileType = file.storyboard; path = ConversationViewController.storyboard; sourceTree = "<group>"; };
		C32DEFF921656FB4009645D9 /* IncomingMessageCell.swift */ = {isa = PBXFileReference; lastKnownFileType = sourcecode.swift; path = IncomingMessageCell.swift; sourceTree = "<group>"; };
		C32DEFFA21656FB4009645D9 /* IncomingMessageCell.xib */ = {isa = PBXFileReference; lastKnownFileType = file.xib; path = IncomingMessageCell.xib; sourceTree = "<group>"; };
		C32DEFFD21656FC9009645D9 /* OutgoingMessageCell.swift */ = {isa = PBXFileReference; lastKnownFileType = sourcecode.swift; path = OutgoingMessageCell.swift; sourceTree = "<group>"; };
		C32DEFFE21656FC9009645D9 /* OutgoingMessageCell.xib */ = {isa = PBXFileReference; lastKnownFileType = file.xib; path = OutgoingMessageCell.xib; sourceTree = "<group>"; };
		C344392D2153A5F20056F34D /* Podfile */ = {isa = PBXFileReference; fileEncoding = 4; lastKnownFileType = text; path = Podfile; sourceTree = "<group>"; xcLanguageSpecificationIdentifier = xcode.lang.ruby; };
		C34CE227217CD1620066796A /* OperationsUserInfoStorage.swift */ = {isa = PBXFileReference; lastKnownFileType = sourcecode.swift; path = OperationsUserInfoStorage.swift; sourceTree = "<group>"; };
		C34CE229217CD1950066796A /* UserInfoPathProvider.swift */ = {isa = PBXFileReference; lastKnownFileType = sourcecode.swift; path = UserInfoPathProvider.swift; sourceTree = "<group>"; };
		C34CE22B217CD1AB0066796A /* IUserInfoPathProvider.swift */ = {isa = PBXFileReference; lastKnownFileType = sourcecode.swift; path = IUserInfoPathProvider.swift; sourceTree = "<group>"; };
		C34CE22D217CD7DD0066796A /* UserInfoStorageProvider.swift */ = {isa = PBXFileReference; lastKnownFileType = sourcecode.swift; path = UserInfoStorageProvider.swift; sourceTree = "<group>"; };
		C34CE22F217CD7F30066796A /* IUserInfoStorageProvider.swift */ = {isa = PBXFileReference; lastKnownFileType = sourcecode.swift; path = IUserInfoStorageProvider.swift; sourceTree = "<group>"; };
		C354F9172165F1270048320E /* Message.swift */ = {isa = PBXFileReference; lastKnownFileType = sourcecode.swift; path = Message.swift; sourceTree = "<group>"; };
		C354F9192165F60C0048320E /* ChatCell.swift */ = {isa = PBXFileReference; lastKnownFileType = sourcecode.swift; path = ChatCell.swift; sourceTree = "<group>"; };
		C354F91E2165F9D30048320E /* SelectedConversatinPreviewService.swift */ = {isa = PBXFileReference; lastKnownFileType = sourcecode.swift; path = SelectedConversatinPreviewService.swift; sourceTree = "<group>"; };
		C354F9212165FD550048320E /* SwinjectContainer.swift */ = {isa = PBXFileReference; lastKnownFileType = sourcecode.swift; path = SwinjectContainer.swift; sourceTree = "<group>"; };
		C354F926216600FA0048320E /* IConversationView.swift */ = {isa = PBXFileReference; lastKnownFileType = sourcecode.swift; path = IConversationView.swift; sourceTree = "<group>"; };
		C354F928216601120048320E /* IConversationPresenter.swift */ = {isa = PBXFileReference; lastKnownFileType = sourcecode.swift; path = IConversationPresenter.swift; sourceTree = "<group>"; };
		C354F92A2166012D0048320E /* ConversationPresenter.swift */ = {isa = PBXFileReference; lastKnownFileType = sourcecode.swift; path = ConversationPresenter.swift; sourceTree = "<group>"; };
		C354F92F216604100048320E /* IConversationsListView.swift */ = {isa = PBXFileReference; lastKnownFileType = sourcecode.swift; path = IConversationsListView.swift; sourceTree = "<group>"; };
		C354F931216604250048320E /* ConversationsListPresenter.swift */ = {isa = PBXFileReference; lastKnownFileType = sourcecode.swift; path = ConversationsListPresenter.swift; sourceTree = "<group>"; };
		C354F9332166043E0048320E /* IConversationsListPresenter.swift */ = {isa = PBXFileReference; lastKnownFileType = sourcecode.swift; path = IConversationsListPresenter.swift; sourceTree = "<group>"; };
		C354F935216605080048320E /* IConversationsStorage.swift */ = {isa = PBXFileReference; lastKnownFileType = sourcecode.swift; path = IConversationsStorage.swift; sourceTree = "<group>"; };
		C354F939216605410048320E /* ISelectedConversationService.swift */ = {isa = PBXFileReference; lastKnownFileType = sourcecode.swift; path = ISelectedConversationService.swift; sourceTree = "<group>"; };
		C35707AB2152E61E00244E5E /* TinkoffChat.app */ = {isa = PBXFileReference; explicitFileType = wrapper.application; includeInIndex = 0; path = TinkoffChat.app; sourceTree = BUILT_PRODUCTS_DIR; };
		C35707AE2152E61E00244E5E /* AppDelegate.swift */ = {isa = PBXFileReference; lastKnownFileType = sourcecode.swift; path = AppDelegate.swift; sourceTree = "<group>"; };
		C35707B02152E61E00244E5E /* ProfileViewController.swift */ = {isa = PBXFileReference; lastKnownFileType = sourcecode.swift; path = ProfileViewController.swift; sourceTree = "<group>"; };
		C35707B32152E61E00244E5E /* Base */ = {isa = PBXFileReference; lastKnownFileType = file.storyboard; name = Base; path = Base.lproj/ProfileViewController.storyboard; sourceTree = "<group>"; };
		C35707B52152E62100244E5E /* Assets.xcassets */ = {isa = PBXFileReference; lastKnownFileType = folder.assetcatalog; path = Assets.xcassets; sourceTree = "<group>"; };
		C35707B82152E62100244E5E /* Base */ = {isa = PBXFileReference; lastKnownFileType = file.storyboard; name = Base; path = Base.lproj/LaunchScreen.storyboard; sourceTree = "<group>"; };
		C35707BA2152E62100244E5E /* Info.plist */ = {isa = PBXFileReference; lastKnownFileType = text.plist.xml; path = Info.plist; sourceTree = "<group>"; };
		C3DC695D217B9B0800DCEBB1 /* EditProfilePresenter.swift */ = {isa = PBXFileReference; lastKnownFileType = sourcecode.swift; path = EditProfilePresenter.swift; sourceTree = "<group>"; };
		C3DC695F217B9B2700DCEBB1 /* EditProfileViewController.swift */ = {isa = PBXFileReference; lastKnownFileType = sourcecode.swift; path = EditProfileViewController.swift; sourceTree = "<group>"; };
		C3DC6961217B9B3E00DCEBB1 /* EditProfileViewController.storyboard */ = {isa = PBXFileReference; lastKnownFileType = file.storyboard; path = EditProfileViewController.storyboard; sourceTree = "<group>"; };
		C3DC6963217BA71500DCEBB1 /* UserInfo.swift */ = {isa = PBXFileReference; lastKnownFileType = sourcecode.swift; path = UserInfo.swift; sourceTree = "<group>"; };
		C3DC6965217BB5C900DCEBB1 /* IUserInfoStorage.swift */ = {isa = PBXFileReference; lastKnownFileType = sourcecode.swift; path = IUserInfoStorage.swift; sourceTree = "<group>"; };
		C3DC6967217BB5E600DCEBB1 /* GCDUserInfoStorage.swift */ = {isa = PBXFileReference; lastKnownFileType = sourcecode.swift; path = GCDUserInfoStorage.swift; sourceTree = "<group>"; };
		C3DC6969217BB7C800DCEBB1 /* IEditProfileView.swift */ = {isa = PBXFileReference; lastKnownFileType = sourcecode.swift; path = IEditProfileView.swift; sourceTree = "<group>"; };
		C3DC696B217BB7F100DCEBB1 /* IEditProfilePresenter.swift */ = {isa = PBXFileReference; lastKnownFileType = sourcecode.swift; path = IEditProfilePresenter.swift; sourceTree = "<group>"; };
		C3DC6975217BD0A000DCEBB1 /* IProfileView.swift */ = {isa = PBXFileReference; lastKnownFileType = sourcecode.swift; path = IProfileView.swift; sourceTree = "<group>"; };
		C3DC6977217BD0B500DCEBB1 /* IProfilePresenter.swift */ = {isa = PBXFileReference; lastKnownFileType = sourcecode.swift; path = IProfilePresenter.swift; sourceTree = "<group>"; };
		C3DC6979217BD0CB00DCEBB1 /* ProfilePresenter.swift */ = {isa = PBXFileReference; lastKnownFileType = sourcecode.swift; path = ProfilePresenter.swift; sourceTree = "<group>"; };
		C3FF5C142180DDA000D5F899 /* MultipeerConnectionService.swift */ = {isa = PBXFileReference; lastKnownFileType = sourcecode.swift; path = MultipeerConnectionService.swift; sourceTree = "<group>"; };
/* End PBXFileReference section */

/* Begin PBXFrameworksBuildPhase section */
		C35707A82152E61E00244E5E /* Frameworks */ = {
			isa = PBXFrameworksBuildPhase;
			buildActionMask = 2147483647;
			files = (
				25A589ED8B085F1A3DB9498A /* Pods_TinkoffChat.framework in Frameworks */,
			);
			runOnlyForDeploymentPostprocessing = 0;
		};
/* End PBXFrameworksBuildPhase section */

/* Begin PBXGroup section */
		1BC90DEF2A930949A24E0AAC /* Pods */ = {
			isa = PBXGroup;
			children = (
				A1DF6E4940474C0A970C8446 /* Pods-TinkoffChat.debug.xcconfig */,
				586B77D09CDBE0735567996D /* Pods-TinkoffChat.release.xcconfig */,
			);
			name = Pods;
			sourceTree = "<group>";
		};
		6FFD33456D9F6CC579AE9DA3 /* Frameworks */ = {
			isa = PBXGroup;
			children = (
				542C4CD015D0489F445068C4 /* Pods_TinkoffChat.framework */,
			);
			name = Frameworks;
			sourceTree = "<group>";
		};
		C308830E21839819003E1564 /* Views */ = {
			isa = PBXGroup;
			children = (
				C308830F2183982E003E1564 /* ExpandableTextView */,
			);
			path = Views;
			sourceTree = "<group>";
		};
		C308830F2183982E003E1564 /* ExpandableTextView */ = {
			isa = PBXGroup;
			children = (
				C308831121839847003E1564 /* ExpandableTextView.swift */,
				C308831021839847003E1564 /* ExpandableTextView.xib */,
			);
			path = ExpandableTextView;
			sourceTree = "<group>";
		};
		C308831A21847889003E1564 /* Builders */ = {
			isa = PBXGroup;
			children = (
				C308831B21847895003E1564 /* IErrorAlertBuilder.swift */,
				C308831D218478A6003E1564 /* ErrorAlertBuilder.swift */,
			);
			path = Builders;
			sourceTree = "<group>";
		};
		C32DEFE221652988009645D9 /* ConverstionsList */ = {
			isa = PBXGroup;
			children = (
				C354F92E2166018B0048320E /* Presenter */,
				C354F92D216601840048320E /* View */,
				C354F92C216601740048320E /* Cells */,
			);
			path = ConverstionsList;
			sourceTree = "<group>";
		};
		C32DEFEB21653438009645D9 /* Profile */ = {
			isa = PBXGroup;
			children = (
				C3DC6974217BCDA100DCEBB1 /* Presenter */,
				C3DC6973217BCD9700DCEBB1 /* View */,
			);
			path = Profile;
			sourceTree = "<group>";
		};
		C32DEFEC21653450009645D9 /* SupportingFiles */ = {
			isa = PBXGroup;
			children = (
				C35707AE2152E61E00244E5E /* AppDelegate.swift */,
				C35707B52152E62100244E5E /* Assets.xcassets */,
				C35707B72152E62100244E5E /* LaunchScreen.storyboard */,
				C35707BA2152E62100244E5E /* Info.plist */,
			);
			path = SupportingFiles;
			sourceTree = "<group>";
		};
		C32DEFED21655B64009645D9 /* Models */ = {
			isa = PBXGroup;
			children = (
				C32DEFEE21655B78009645D9 /* ConversationPreview.swift */,
				C354F9172165F1270048320E /* Message.swift */,
				C308831F21848856003E1564 /* Conversation.swift */,
				C3DC6963217BA71500DCEBB1 /* UserInfo.swift */,
				C308831421847826003E1564 /* Peer.swift */,
			);
			path = Models;
			sourceTree = "<group>";
		};
		C32DEFF221656B95009645D9 /* Storages */ = {
			isa = PBXGroup;
			children = (
				C3DC6965217BB5C900DCEBB1 /* IUserInfoStorage.swift */,
				C3DC6967217BB5E600DCEBB1 /* GCDUserInfoStorage.swift */,
				C32DEFF02165604E009645D9 /* ConversationsInMemoryStorage.swift */,
				C354F935216605080048320E /* IConversationsStorage.swift */,
				C34CE227217CD1620066796A /* OperationsUserInfoStorage.swift */,
			);
			path = Storages;
			sourceTree = "<group>";
		};
		C32DEFF321656C89009645D9 /* Screens */ = {
			isa = PBXGroup;
			children = (
				C3DC695A217B9AC200DCEBB1 /* Edit Profile */,
				C32DEFF421656DAD009645D9 /* Conversation */,
				C32DEFEB21653438009645D9 /* Profile */,
				C32DEFE221652988009645D9 /* ConverstionsList */,
			);
			path = Screens;
			sourceTree = "<group>";
		};
		C32DEFF421656DAD009645D9 /* Conversation */ = {
			isa = PBXGroup;
			children = (
				C354F925216600EB0048320E /* Presenter */,
				C354F924216600E20048320E /* View */,
				C354F923216600D70048320E /* Cells */,
			);
			path = Conversation;
			sourceTree = "<group>";
		};
		C34CE226217CCC9F0066796A /* Providers */ = {
			isa = PBXGroup;
			children = (
				C34CE229217CD1950066796A /* UserInfoPathProvider.swift */,
				C34CE22B217CD1AB0066796A /* IUserInfoPathProvider.swift */,
				C34CE22D217CD7DD0066796A /* UserInfoStorageProvider.swift */,
				C34CE22F217CD7F30066796A /* IUserInfoStorageProvider.swift */,
			);
			path = Providers;
			sourceTree = "<group>";
		};
		C354F91D2165F9BC0048320E /* Services */ = {
			isa = PBXGroup;
			children = (
				C354F91E2165F9D30048320E /* SelectedConversatinPreviewService.swift */,
				C354F939216605410048320E /* ISelectedConversationService.swift */,
				C3FF5C142180DDA000D5F899 /* MultipeerConnectionService.swift */,
				C30883162184783F003E1564 /* ICommunicationService.swift */,
				C308831821847851003E1564 /* ICommunicationServiceDelegate.swift */,
			);
			path = Services;
			sourceTree = "<group>";
		};
		C354F9202165FD170048320E /* DI Container */ = {
			isa = PBXGroup;
			children = (
				C354F9212165FD550048320E /* SwinjectContainer.swift */,
			);
			path = "DI Container";
			sourceTree = "<group>";
		};
		C354F923216600D70048320E /* Cells */ = {
			isa = PBXGroup;
			children = (
				C32DEFF921656FB4009645D9 /* IncomingMessageCell.swift */,
				C32DEFFA21656FB4009645D9 /* IncomingMessageCell.xib */,
				C32DEFFD21656FC9009645D9 /* OutgoingMessageCell.swift */,
				C32DEFFE21656FC9009645D9 /* OutgoingMessageCell.xib */,
				C354F9192165F60C0048320E /* ChatCell.swift */,
			);
			path = Cells;
			sourceTree = "<group>";
		};
		C354F924216600E20048320E /* View */ = {
			isa = PBXGroup;
			children = (
				C32DEFF521656DCB009645D9 /* ConversationViewController.swift */,
				C32DEFF721656E04009645D9 /* ConversationViewController.storyboard */,
				C354F926216600FA0048320E /* IConversationView.swift */,
			);
			path = View;
			sourceTree = "<group>";
		};
		C354F925216600EB0048320E /* Presenter */ = {
			isa = PBXGroup;
			children = (
				C354F928216601120048320E /* IConversationPresenter.swift */,
				C354F92A2166012D0048320E /* ConversationPresenter.swift */,
			);
			path = Presenter;
			sourceTree = "<group>";
		};
		C354F92C216601740048320E /* Cells */ = {
			isa = PBXGroup;
			children = (
				C32DEFE721652B6A009645D9 /* ConversationsListCell.swift */,
				C32DEFE821652B6A009645D9 /* ConversationsListCell.xib */,
			);
			path = Cells;
			sourceTree = "<group>";
		};
		C354F92D216601840048320E /* View */ = {
			isa = PBXGroup;
			children = (
				C32DEFE3216529AA009645D9 /* ConversationsListViewController.swift */,
				C32DEFE5216529EB009645D9 /* ConversationsListViewController.storyboard */,
				C354F92F216604100048320E /* IConversationsListView.swift */,
			);
			path = View;
			sourceTree = "<group>";
		};
		C354F92E2166018B0048320E /* Presenter */ = {
			isa = PBXGroup;
			children = (
				C354F931216604250048320E /* ConversationsListPresenter.swift */,
				C354F9332166043E0048320E /* IConversationsListPresenter.swift */,
			);
			path = Presenter;
			sourceTree = "<group>";
		};
		C35707A22152E61E00244E5E = {
			isa = PBXGroup;
			children = (
				C344392D2153A5F20056F34D /* Podfile */,
				C35707AD2152E61E00244E5E /* TinkoffChat */,
				C35707AC2152E61E00244E5E /* Products */,
				1BC90DEF2A930949A24E0AAC /* Pods */,
				6FFD33456D9F6CC579AE9DA3 /* Frameworks */,
			);
			sourceTree = "<group>";
		};
		C35707AC2152E61E00244E5E /* Products */ = {
			isa = PBXGroup;
			children = (
				C35707AB2152E61E00244E5E /* TinkoffChat.app */,
			);
			name = Products;
			sourceTree = "<group>";
		};
		C35707AD2152E61E00244E5E /* TinkoffChat */ = {
			isa = PBXGroup;
			children = (
				C308831A21847889003E1564 /* Builders */,
				C308830E21839819003E1564 /* Views */,
				C34CE226217CCC9F0066796A /* Providers */,
				C354F9202165FD170048320E /* DI Container */,
				C354F91D2165F9BC0048320E /* Services */,
				C32DEFF321656C89009645D9 /* Screens */,
				C32DEFF221656B95009645D9 /* Storages */,
				C32DEFED21655B64009645D9 /* Models */,
				C32DEFEC21653450009645D9 /* SupportingFiles */,
			);
			path = TinkoffChat;
			sourceTree = "<group>";
		};
		C3DC695A217B9AC200DCEBB1 /* Edit Profile */ = {
			isa = PBXGroup;
			children = (
				C3DC695C217B9AF100DCEBB1 /* View */,
				C3DC695B217B9AE600DCEBB1 /* Presenter */,
			);
			path = "Edit Profile";
			sourceTree = "<group>";
		};
		C3DC695B217B9AE600DCEBB1 /* Presenter */ = {
			isa = PBXGroup;
			children = (
				C3DC695D217B9B0800DCEBB1 /* EditProfilePresenter.swift */,
				C3DC696B217BB7F100DCEBB1 /* IEditProfilePresenter.swift */,
			);
			path = Presenter;
			sourceTree = "<group>";
		};
		C3DC695C217B9AF100DCEBB1 /* View */ = {
			isa = PBXGroup;
			children = (
				C3DC695F217B9B2700DCEBB1 /* EditProfileViewController.swift */,
				C3DC6961217B9B3E00DCEBB1 /* EditProfileViewController.storyboard */,
				C3DC6969217BB7C800DCEBB1 /* IEditProfileView.swift */,
			);
			path = View;
			sourceTree = "<group>";
		};
		C3DC6973217BCD9700DCEBB1 /* View */ = {
			isa = PBXGroup;
			children = (
				C35707B02152E61E00244E5E /* ProfileViewController.swift */,
				C35707B22152E61E00244E5E /* ProfileViewController.storyboard */,
				C3DC6975217BD0A000DCEBB1 /* IProfileView.swift */,
			);
			path = View;
			sourceTree = "<group>";
		};
		C3DC6974217BCDA100DCEBB1 /* Presenter */ = {
			isa = PBXGroup;
			children = (
				C3DC6977217BD0B500DCEBB1 /* IProfilePresenter.swift */,
				C3DC6979217BD0CB00DCEBB1 /* ProfilePresenter.swift */,
			);
			path = Presenter;
			sourceTree = "<group>";
		};
/* End PBXGroup section */

/* Begin PBXNativeTarget section */
		C35707AA2152E61E00244E5E /* TinkoffChat */ = {
			isa = PBXNativeTarget;
			buildConfigurationList = C35707BD2152E62100244E5E /* Build configuration list for PBXNativeTarget "TinkoffChat" */;
			buildPhases = (
				2109375FC79D22E166C9FB8B /* [CP] Check Pods Manifest.lock */,
				C35707A72152E61E00244E5E /* Sources */,
				C35707A82152E61E00244E5E /* Frameworks */,
				C35707A92152E61E00244E5E /* Resources */,
				C344392F2153A6B90056F34D /* SwiftLint */,
				6E1C8100B9BAAAD33E658D61 /* [CP] Embed Pods Frameworks */,
			);
			buildRules = (
			);
			dependencies = (
			);
			name = TinkoffChat;
			productName = TinkoffChat;
			productReference = C35707AB2152E61E00244E5E /* TinkoffChat.app */;
			productType = "com.apple.product-type.application";
		};
/* End PBXNativeTarget section */

/* Begin PBXProject section */
		C35707A32152E61E00244E5E /* Project object */ = {
			isa = PBXProject;
			attributes = {
				LastSwiftUpdateCheck = 1000;
				LastUpgradeCheck = 1000;
				ORGANIZATIONNAME = Sofia;
				TargetAttributes = {
					C35707AA2152E61E00244E5E = {
						CreatedOnToolsVersion = 10.0;
					};
				};
			};
			buildConfigurationList = C35707A62152E61E00244E5E /* Build configuration list for PBXProject "TinkoffChat" */;
			compatibilityVersion = "Xcode 9.3";
			developmentRegion = en;
			hasScannedForEncodings = 0;
			knownRegions = (
				en,
				Base,
			);
			mainGroup = C35707A22152E61E00244E5E;
			productRefGroup = C35707AC2152E61E00244E5E /* Products */;
			projectDirPath = "";
			projectRoot = "";
			targets = (
				C35707AA2152E61E00244E5E /* TinkoffChat */,
			);
		};
/* End PBXProject section */

/* Begin PBXResourcesBuildPhase section */
		C35707A92152E61E00244E5E /* Resources */ = {
			isa = PBXResourcesBuildPhase;
			buildActionMask = 2147483647;
			files = (
				C32DEFE6216529EB009645D9 /* ConversationsListViewController.storyboard in Resources */,
				C32DEFFC21656FB4009645D9 /* IncomingMessageCell.xib in Resources */,
				C35707B92152E62100244E5E /* LaunchScreen.storyboard in Resources */,
				C32DEFEA21652B6A009645D9 /* ConversationsListCell.xib in Resources */,
				C32DF00021656FC9009645D9 /* OutgoingMessageCell.xib in Resources */,
				C35707B62152E62100244E5E /* Assets.xcassets in Resources */,
				C3DC6962217B9B3E00DCEBB1 /* EditProfileViewController.storyboard in Resources */,
				C344392E2153A5F20056F34D /* Podfile in Resources */,
				C32DEFF821656E04009645D9 /* ConversationViewController.storyboard in Resources */,
				C35707B42152E61E00244E5E /* ProfileViewController.storyboard in Resources */,
				C308831221839847003E1564 /* ExpandableTextView.xib in Resources */,
			);
			runOnlyForDeploymentPostprocessing = 0;
		};
/* End PBXResourcesBuildPhase section */

/* Begin PBXShellScriptBuildPhase section */
		2109375FC79D22E166C9FB8B /* [CP] Check Pods Manifest.lock */ = {
			isa = PBXShellScriptBuildPhase;
			buildActionMask = 2147483647;
			files = (
			);
			inputPaths = (
				"${PODS_PODFILE_DIR_PATH}/Podfile.lock",
				"${PODS_ROOT}/Manifest.lock",
			);
			name = "[CP] Check Pods Manifest.lock";
			outputPaths = (
				"$(DERIVED_FILE_DIR)/Pods-TinkoffChat-checkManifestLockResult.txt",
			);
			runOnlyForDeploymentPostprocessing = 0;
			shellPath = /bin/sh;
			shellScript = "diff \"${PODS_PODFILE_DIR_PATH}/Podfile.lock\" \"${PODS_ROOT}/Manifest.lock\" > /dev/null\nif [ $? != 0 ] ; then\n    # print error to STDERR\n    echo \"error: The sandbox is not in sync with the Podfile.lock. Run 'pod install' or update your CocoaPods installation.\" >&2\n    exit 1\nfi\n# This output is used by Xcode 'outputs' to avoid re-running this script phase.\necho \"SUCCESS\" > \"${SCRIPT_OUTPUT_FILE_0}\"\n";
			showEnvVarsInLog = 0;
		};
		6E1C8100B9BAAAD33E658D61 /* [CP] Embed Pods Frameworks */ = {
			isa = PBXShellScriptBuildPhase;
			buildActionMask = 2147483647;
			files = (
			);
			inputPaths = (
				"${SRCROOT}/Pods/Target Support Files/Pods-TinkoffChat/Pods-TinkoffChat-frameworks.sh",
				"${BUILT_PRODUCTS_DIR}/Swinject/Swinject.framework",
				"${BUILT_PRODUCTS_DIR}/SwinjectStoryboard/SwinjectStoryboard.framework",
			);
			name = "[CP] Embed Pods Frameworks";
			outputPaths = (
				"${TARGET_BUILD_DIR}/${FRAMEWORKS_FOLDER_PATH}/Swinject.framework",
				"${TARGET_BUILD_DIR}/${FRAMEWORKS_FOLDER_PATH}/SwinjectStoryboard.framework",
			);
			runOnlyForDeploymentPostprocessing = 0;
			shellPath = /bin/sh;
			shellScript = "\"${SRCROOT}/Pods/Target Support Files/Pods-TinkoffChat/Pods-TinkoffChat-frameworks.sh\"\n";
			showEnvVarsInLog = 0;
		};
		C344392F2153A6B90056F34D /* SwiftLint */ = {
			isa = PBXShellScriptBuildPhase;
			buildActionMask = 2147483647;
			files = (
			);
			inputPaths = (
			);
			name = SwiftLint;
			outputPaths = (
			);
			runOnlyForDeploymentPostprocessing = 0;
			shellPath = /bin/sh;
			shellScript = "\"${PODS_ROOT}/SwiftLint/swiftlint\"\n";
		};
/* End PBXShellScriptBuildPhase section */

/* Begin PBXSourcesBuildPhase section */
		C35707A72152E61E00244E5E /* Sources */ = {
			isa = PBXSourcesBuildPhase;
			buildActionMask = 2147483647;
			files = (
				C308831521847826003E1564 /* Peer.swift in Sources */,
				C3DC696C217BB7F100DCEBB1 /* IEditProfilePresenter.swift in Sources */,
				C32DEFF621656DCB009645D9 /* ConversationViewController.swift in Sources */,
				C34CE228217CD1620066796A /* OperationsUserInfoStorage.swift in Sources */,
				C354F930216604100048320E /* IConversationsListView.swift in Sources */,
				C32DEFF12165604E009645D9 /* ConversationsInMemoryStorage.swift in Sources */,
				C30883172184783F003E1564 /* ICommunicationService.swift in Sources */,
				C354F91A2165F60C0048320E /* ChatCell.swift in Sources */,
				C34CE230217CD7F30066796A /* IUserInfoStorageProvider.swift in Sources */,
				C354F929216601120048320E /* IConversationPresenter.swift in Sources */,
				C354F936216605080048320E /* IConversationsStorage.swift in Sources */,
				C32DEFE921652B6A009645D9 /* ConversationsListCell.swift in Sources */,
				C354F932216604250048320E /* ConversationsListPresenter.swift in Sources */,
				C3DC6978217BD0B500DCEBB1 /* IProfilePresenter.swift in Sources */,
				C3DC696A217BB7C800DCEBB1 /* IEditProfileView.swift in Sources */,
				C308831C21847895003E1564 /* IErrorAlertBuilder.swift in Sources */,
				C308832021848856003E1564 /* Conversation.swift in Sources */,
				C3DC6964217BA71500DCEBB1 /* UserInfo.swift in Sources */,
				C3DC697A217BD0CB00DCEBB1 /* ProfilePresenter.swift in Sources */,
				C32DEFE4216529AA009645D9 /* ConversationsListViewController.swift in Sources */,
				C3DC6976217BD0A000DCEBB1 /* IProfileView.swift in Sources */,
				C35707B12152E61E00244E5E /* ProfileViewController.swift in Sources */,
				C308831321839847003E1564 /* ExpandableTextView.swift in Sources */,
				C32DEFFF21656FC9009645D9 /* OutgoingMessageCell.swift in Sources */,
				C354F93A216605410048320E /* ISelectedConversationService.swift in Sources */,
				C32DEFFB21656FB4009645D9 /* IncomingMessageCell.swift in Sources */,
				C3DC6968217BB5E600DCEBB1 /* GCDUserInfoStorage.swift in Sources */,
				C308831E218478A6003E1564 /* ErrorAlertBuilder.swift in Sources */,
				C354F9222165FD550048320E /* SwinjectContainer.swift in Sources */,
				C3FF5C152180DDA000D5F899 /* MultipeerConnectionService.swift in Sources */,
				C34CE22A217CD1950066796A /* UserInfoPathProvider.swift in Sources */,
				C34CE22E217CD7DE0066796A /* UserInfoStorageProvider.swift in Sources */,
				C354F9342166043E0048320E /* IConversationsListPresenter.swift in Sources */,
				C354F92B2166012D0048320E /* ConversationPresenter.swift in Sources */,
				C354F91F2165F9D30048320E /* SelectedConversatinPreviewService.swift in Sources */,
				C354F9182165F1270048320E /* Message.swift in Sources */,
				C308831921847851003E1564 /* ICommunicationServiceDelegate.swift in Sources */,
				C3DC695E217B9B0800DCEBB1 /* EditProfilePresenter.swift in Sources */,
				C3DC6966217BB5C900DCEBB1 /* IUserInfoStorage.swift in Sources */,
				C34CE22C217CD1AB0066796A /* IUserInfoPathProvider.swift in Sources */,
				C32DEFEF21655B78009645D9 /* ConversationPreview.swift in Sources */,
				C354F927216600FA0048320E /* IConversationView.swift in Sources */,
				C3DC6960217B9B2700DCEBB1 /* EditProfileViewController.swift in Sources */,
				C35707AF2152E61E00244E5E /* AppDelegate.swift in Sources */,
			);
			runOnlyForDeploymentPostprocessing = 0;
		};
/* End PBXSourcesBuildPhase section */

/* Begin PBXVariantGroup section */
		C35707B22152E61E00244E5E /* ProfileViewController.storyboard */ = {
			isa = PBXVariantGroup;
			children = (
				C35707B32152E61E00244E5E /* Base */,
			);
			name = ProfileViewController.storyboard;
			sourceTree = "<group>";
		};
		C35707B72152E62100244E5E /* LaunchScreen.storyboard */ = {
			isa = PBXVariantGroup;
			children = (
				C35707B82152E62100244E5E /* Base */,
			);
			name = LaunchScreen.storyboard;
			sourceTree = "<group>";
		};
/* End PBXVariantGroup section */

/* Begin XCBuildConfiguration section */
		C35707BB2152E62100244E5E /* Debug */ = {
			isa = XCBuildConfiguration;
			buildSettings = {
				ALWAYS_SEARCH_USER_PATHS = NO;
				CLANG_ANALYZER_NONNULL = YES;
				CLANG_ANALYZER_NUMBER_OBJECT_CONVERSION = YES_AGGRESSIVE;
				CLANG_CXX_LANGUAGE_STANDARD = "gnu++14";
				CLANG_CXX_LIBRARY = "libc++";
				CLANG_ENABLE_MODULES = YES;
				CLANG_ENABLE_OBJC_ARC = YES;
				CLANG_ENABLE_OBJC_WEAK = YES;
				CLANG_WARN_BLOCK_CAPTURE_AUTORELEASING = YES;
				CLANG_WARN_BOOL_CONVERSION = YES;
				CLANG_WARN_COMMA = YES;
				CLANG_WARN_CONSTANT_CONVERSION = YES;
				CLANG_WARN_DEPRECATED_OBJC_IMPLEMENTATIONS = YES;
				CLANG_WARN_DIRECT_OBJC_ISA_USAGE = YES_ERROR;
				CLANG_WARN_DOCUMENTATION_COMMENTS = YES;
				CLANG_WARN_EMPTY_BODY = YES;
				CLANG_WARN_ENUM_CONVERSION = YES;
				CLANG_WARN_INFINITE_RECURSION = YES;
				CLANG_WARN_INT_CONVERSION = YES;
				CLANG_WARN_NON_LITERAL_NULL_CONVERSION = YES;
				CLANG_WARN_OBJC_IMPLICIT_RETAIN_SELF = YES;
				CLANG_WARN_OBJC_LITERAL_CONVERSION = YES;
				CLANG_WARN_OBJC_ROOT_CLASS = YES_ERROR;
				CLANG_WARN_RANGE_LOOP_ANALYSIS = YES;
				CLANG_WARN_STRICT_PROTOTYPES = YES;
				CLANG_WARN_SUSPICIOUS_MOVE = YES;
				CLANG_WARN_UNGUARDED_AVAILABILITY = YES_AGGRESSIVE;
				CLANG_WARN_UNREACHABLE_CODE = YES;
				CLANG_WARN__DUPLICATE_METHOD_MATCH = YES;
				CODE_SIGN_IDENTITY = "iPhone Developer";
				COPY_PHASE_STRIP = NO;
				DEBUG_INFORMATION_FORMAT = dwarf;
				ENABLE_STRICT_OBJC_MSGSEND = YES;
				ENABLE_TESTABILITY = YES;
				GCC_C_LANGUAGE_STANDARD = gnu11;
				GCC_DYNAMIC_NO_PIC = NO;
				GCC_NO_COMMON_BLOCKS = YES;
				GCC_OPTIMIZATION_LEVEL = 0;
				GCC_PREPROCESSOR_DEFINITIONS = (
					"DEBUG=1",
					"$(inherited)",
				);
				GCC_WARN_64_TO_32_BIT_CONVERSION = YES;
				GCC_WARN_ABOUT_RETURN_TYPE = YES_ERROR;
				GCC_WARN_UNDECLARED_SELECTOR = YES;
				GCC_WARN_UNINITIALIZED_AUTOS = YES_AGGRESSIVE;
				GCC_WARN_UNUSED_FUNCTION = YES;
				GCC_WARN_UNUSED_VARIABLE = YES;
				IPHONEOS_DEPLOYMENT_TARGET = 11.4;
				MTL_ENABLE_DEBUG_INFO = INCLUDE_SOURCE;
				MTL_FAST_MATH = YES;
				ONLY_ACTIVE_ARCH = YES;
				SDKROOT = iphoneos;
				SWIFT_ACTIVE_COMPILATION_CONDITIONS = DEBUG;
				SWIFT_OPTIMIZATION_LEVEL = "-Onone";
				SWIFT_VERSION = 4.0;
			};
			name = Debug;
		};
		C35707BC2152E62100244E5E /* Release */ = {
			isa = XCBuildConfiguration;
			buildSettings = {
				ALWAYS_SEARCH_USER_PATHS = NO;
				CLANG_ANALYZER_NONNULL = YES;
				CLANG_ANALYZER_NUMBER_OBJECT_CONVERSION = YES_AGGRESSIVE;
				CLANG_CXX_LANGUAGE_STANDARD = "gnu++14";
				CLANG_CXX_LIBRARY = "libc++";
				CLANG_ENABLE_MODULES = YES;
				CLANG_ENABLE_OBJC_ARC = YES;
				CLANG_ENABLE_OBJC_WEAK = YES;
				CLANG_WARN_BLOCK_CAPTURE_AUTORELEASING = YES;
				CLANG_WARN_BOOL_CONVERSION = YES;
				CLANG_WARN_COMMA = YES;
				CLANG_WARN_CONSTANT_CONVERSION = YES;
				CLANG_WARN_DEPRECATED_OBJC_IMPLEMENTATIONS = YES;
				CLANG_WARN_DIRECT_OBJC_ISA_USAGE = YES_ERROR;
				CLANG_WARN_DOCUMENTATION_COMMENTS = YES;
				CLANG_WARN_EMPTY_BODY = YES;
				CLANG_WARN_ENUM_CONVERSION = YES;
				CLANG_WARN_INFINITE_RECURSION = YES;
				CLANG_WARN_INT_CONVERSION = YES;
				CLANG_WARN_NON_LITERAL_NULL_CONVERSION = YES;
				CLANG_WARN_OBJC_IMPLICIT_RETAIN_SELF = YES;
				CLANG_WARN_OBJC_LITERAL_CONVERSION = YES;
				CLANG_WARN_OBJC_ROOT_CLASS = YES_ERROR;
				CLANG_WARN_RANGE_LOOP_ANALYSIS = YES;
				CLANG_WARN_STRICT_PROTOTYPES = YES;
				CLANG_WARN_SUSPICIOUS_MOVE = YES;
				CLANG_WARN_UNGUARDED_AVAILABILITY = YES_AGGRESSIVE;
				CLANG_WARN_UNREACHABLE_CODE = YES;
				CLANG_WARN__DUPLICATE_METHOD_MATCH = YES;
				CODE_SIGN_IDENTITY = "iPhone Developer";
				COPY_PHASE_STRIP = NO;
				DEBUG_INFORMATION_FORMAT = "dwarf-with-dsym";
				ENABLE_NS_ASSERTIONS = NO;
				ENABLE_STRICT_OBJC_MSGSEND = YES;
				GCC_C_LANGUAGE_STANDARD = gnu11;
				GCC_NO_COMMON_BLOCKS = YES;
				GCC_WARN_64_TO_32_BIT_CONVERSION = YES;
				GCC_WARN_ABOUT_RETURN_TYPE = YES_ERROR;
				GCC_WARN_UNDECLARED_SELECTOR = YES;
				GCC_WARN_UNINITIALIZED_AUTOS = YES_AGGRESSIVE;
				GCC_WARN_UNUSED_FUNCTION = YES;
				GCC_WARN_UNUSED_VARIABLE = YES;
				IPHONEOS_DEPLOYMENT_TARGET = 11.4;
				MTL_ENABLE_DEBUG_INFO = NO;
				MTL_FAST_MATH = YES;
				SDKROOT = iphoneos;
				SWIFT_COMPILATION_MODE = wholemodule;
				SWIFT_OPTIMIZATION_LEVEL = "-O";
				SWIFT_VERSION = 4.0;
				VALIDATE_PRODUCT = YES;
			};
			name = Release;
		};
		C35707BE2152E62100244E5E /* Debug */ = {
			isa = XCBuildConfiguration;
			baseConfigurationReference = A1DF6E4940474C0A970C8446 /* Pods-TinkoffChat.debug.xcconfig */;
			buildSettings = {
				ASSETCATALOG_COMPILER_APPICON_NAME = AppIcon;
				CODE_SIGN_IDENTITY = "iPhone Developer";
				CODE_SIGN_STYLE = Automatic;
				DEVELOPMENT_TEAM = 7U8A899S5N;
				INFOPLIST_FILE = "$(SRCROOT)/TinkoffChat/SupportingFiles/Info.plist";
				IPHONEOS_DEPLOYMENT_TARGET = 11.4;
				LD_RUNPATH_SEARCH_PATHS = (
					"$(inherited)",
					"@executable_path/Frameworks",
				);
				PRODUCT_BUNDLE_IDENTIFIER = ru.SofiaRozhina.TinkoffChat;
				PRODUCT_NAME = "$(TARGET_NAME)";
				PROVISIONING_PROFILE_SPECIFIER = "";
				SWIFT_VERSION = 4.0;
				TARGETED_DEVICE_FAMILY = 1;
			};
			name = Debug;
		};
		C35707BF2152E62100244E5E /* Release */ = {
			isa = XCBuildConfiguration;
			baseConfigurationReference = 586B77D09CDBE0735567996D /* Pods-TinkoffChat.release.xcconfig */;
			buildSettings = {
				ASSETCATALOG_COMPILER_APPICON_NAME = AppIcon;
				CODE_SIGN_IDENTITY = "iPhone Developer";
				CODE_SIGN_STYLE = Automatic;
				DEVELOPMENT_TEAM = 7U8A899S5N;
				INFOPLIST_FILE = "$(SRCROOT)/TinkoffChat/SupportingFiles/Info.plist";
				IPHONEOS_DEPLOYMENT_TARGET = 11.4;
				LD_RUNPATH_SEARCH_PATHS = (
					"$(inherited)",
					"@executable_path/Frameworks",
				);
				PRODUCT_BUNDLE_IDENTIFIER = ru.SofiaRozhina.TinkoffChat;
				PRODUCT_NAME = "$(TARGET_NAME)";
				PROVISIONING_PROFILE_SPECIFIER = "";
				SWIFT_VERSION = 4.0;
				TARGETED_DEVICE_FAMILY = 1;
			};
			name = Release;
		};
/* End XCBuildConfiguration section */

/* Begin XCConfigurationList section */
		C35707A62152E61E00244E5E /* Build configuration list for PBXProject "TinkoffChat" */ = {
			isa = XCConfigurationList;
			buildConfigurations = (
				C35707BB2152E62100244E5E /* Debug */,
				C35707BC2152E62100244E5E /* Release */,
			);
			defaultConfigurationIsVisible = 0;
			defaultConfigurationName = Release;
		};
		C35707BD2152E62100244E5E /* Build configuration list for PBXNativeTarget "TinkoffChat" */ = {
			isa = XCConfigurationList;
			buildConfigurations = (
				C35707BE2152E62100244E5E /* Debug */,
				C35707BF2152E62100244E5E /* Release */,
			);
			defaultConfigurationIsVisible = 0;
			defaultConfigurationName = Release;
		};
/* End XCConfigurationList section */
	};
	rootObject = C35707A32152E61E00244E5E /* Project object */;
}
