// !$*UTF8*$!
{
	archiveVersion = 1;
	classes = {
	};
	objectVersion = 50;
	objects = {

/* Begin PBXBuildFile section */
		25A589ED8B085F1A3DB9498A /* Pods_TinkoffChat.framework in Frameworks */ = {isa = PBXBuildFile; fileRef = 542C4CD015D0489F445068C4 /* Pods_TinkoffChat.framework */; };
		C308831221839847003E1564 /* ExpandableTextView.xib in Resources */ = {isa = PBXBuildFile; fileRef = C308831021839847003E1564 /* ExpandableTextView.xib */; };
		C308831321839847003E1564 /* ExpandableTextView.swift in Sources */ = {isa = PBXBuildFile; fileRef = C308831121839847003E1564 /* ExpandableTextView.swift */; };
		C30883172184783F003E1564 /* ICommunicationService.swift in Sources */ = {isa = PBXBuildFile; fileRef = C30883162184783F003E1564 /* ICommunicationService.swift */; };
		C308831921847851003E1564 /* ICommunicationServiceDelegate.swift in Sources */ = {isa = PBXBuildFile; fileRef = C308831821847851003E1564 /* ICommunicationServiceDelegate.swift */; };
		C308831C21847895003E1564 /* IErrorAlertBuilder.swift in Sources */ = {isa = PBXBuildFile; fileRef = C308831B21847895003E1564 /* IErrorAlertBuilder.swift */; };
		C308831E218478A6003E1564 /* ErrorAlertBuilder.swift in Sources */ = {isa = PBXBuildFile; fileRef = C308831D218478A6003E1564 /* ErrorAlertBuilder.swift */; };
		C308832021848856003E1564 /* Conversation.swift in Sources */ = {isa = PBXBuildFile; fileRef = C308831F21848856003E1564 /* Conversation.swift */; };
		C31C19772185B49E00F0EFD9 /* Array+firstIndex.swift in Sources */ = {isa = PBXBuildFile; fileRef = C31C19762185B49E00F0EFD9 /* Array+firstIndex.swift */; };
		C31EB36C21B3113500672597 /* IOnlineConversationsDataService.swift in Sources */ = {isa = PBXBuildFile; fileRef = C31EB36B21B3113500672597 /* IOnlineConversationsDataService.swift */; };
		C31EB36E21B3114F00672597 /* OnlineConversationsDataService.swift in Sources */ = {isa = PBXBuildFile; fileRef = C31EB36D21B3114F00672597 /* OnlineConversationsDataService.swift */; };
		C31EB37021B311BF00672597 /* OnlineConversationsDataServiceDelegate.swift in Sources */ = {isa = PBXBuildFile; fileRef = C31EB36F21B311BF00672597 /* OnlineConversationsDataServiceDelegate.swift */; };
		C323B2F621956EAE0096AE93 /* CoreDataConversationsStorage.swift in Sources */ = {isa = PBXBuildFile; fileRef = C323B2F521956EAE0096AE93 /* CoreDataConversationsStorage.swift */; };
		C323B30621957E8D0096AE93 /* IUserInfoConverter.swift in Sources */ = {isa = PBXBuildFile; fileRef = C323B30521957E8D0096AE93 /* IUserInfoConverter.swift */; };
		C323B30821957EA20096AE93 /* IConversationConverter.swift in Sources */ = {isa = PBXBuildFile; fileRef = C323B30721957EA20096AE93 /* IConversationConverter.swift */; };
		C323B30A21957EB50096AE93 /* IMessageConverter.swift in Sources */ = {isa = PBXBuildFile; fileRef = C323B30921957EB50096AE93 /* IMessageConverter.swift */; };
		C323B30C219580800096AE93 /* IDBuilder.swift in Sources */ = {isa = PBXBuildFile; fileRef = C323B30B219580800096AE93 /* IDBuilder.swift */; };
		C32DEFE4216529AA009645D9 /* ConversationsListViewController.swift in Sources */ = {isa = PBXBuildFile; fileRef = C32DEFE3216529AA009645D9 /* ConversationsListViewController.swift */; };
		C32DEFE6216529EB009645D9 /* ConversationsListViewController.storyboard in Resources */ = {isa = PBXBuildFile; fileRef = C32DEFE5216529EB009645D9 /* ConversationsListViewController.storyboard */; };
		C32DEFE921652B6A009645D9 /* ConversationsListCell.swift in Sources */ = {isa = PBXBuildFile; fileRef = C32DEFE721652B6A009645D9 /* ConversationsListCell.swift */; };
		C32DEFEA21652B6A009645D9 /* ConversationsListCell.xib in Resources */ = {isa = PBXBuildFile; fileRef = C32DEFE821652B6A009645D9 /* ConversationsListCell.xib */; };
		C32DEFEF21655B78009645D9 /* ConversationPreview.swift in Sources */ = {isa = PBXBuildFile; fileRef = C32DEFEE21655B78009645D9 /* ConversationPreview.swift */; };
		C32DEFF621656DCB009645D9 /* ConversationViewController.swift in Sources */ = {isa = PBXBuildFile; fileRef = C32DEFF521656DCB009645D9 /* ConversationViewController.swift */; };
		C32DEFF821656E04009645D9 /* ConversationViewController.storyboard in Resources */ = {isa = PBXBuildFile; fileRef = C32DEFF721656E04009645D9 /* ConversationViewController.storyboard */; };
		C32DEFFB21656FB4009645D9 /* IncomingMessageCell.swift in Sources */ = {isa = PBXBuildFile; fileRef = C32DEFF921656FB4009645D9 /* IncomingMessageCell.swift */; };
		C32DEFFC21656FB4009645D9 /* IncomingMessageCell.xib in Resources */ = {isa = PBXBuildFile; fileRef = C32DEFFA21656FB4009645D9 /* IncomingMessageCell.xib */; };
		C32DEFFF21656FC9009645D9 /* OutgoingMessageCell.swift in Sources */ = {isa = PBXBuildFile; fileRef = C32DEFFD21656FC9009645D9 /* OutgoingMessageCell.swift */; };
		C32DF00021656FC9009645D9 /* OutgoingMessageCell.xib in Resources */ = {isa = PBXBuildFile; fileRef = C32DEFFE21656FC9009645D9 /* OutgoingMessageCell.xib */; };
		C344392E2153A5F20056F34D /* Podfile in Resources */ = {isa = PBXBuildFile; fileRef = C344392D2153A5F20056F34D /* Podfile */; };
		C34CE228217CD1620066796A /* OperationsUserInfoStorage.swift in Sources */ = {isa = PBXBuildFile; fileRef = C34CE227217CD1620066796A /* OperationsUserInfoStorage.swift */; };
		C34CE22A217CD1950066796A /* UserInfoPathProvider.swift in Sources */ = {isa = PBXBuildFile; fileRef = C34CE229217CD1950066796A /* UserInfoPathProvider.swift */; };
		C34CE22C217CD1AB0066796A /* IUserInfoPathProvider.swift in Sources */ = {isa = PBXBuildFile; fileRef = C34CE22B217CD1AB0066796A /* IUserInfoPathProvider.swift */; };
		C34CE22E217CD7DE0066796A /* UserInfoStorageProvider.swift in Sources */ = {isa = PBXBuildFile; fileRef = C34CE22D217CD7DD0066796A /* UserInfoStorageProvider.swift */; };
		C34CE230217CD7F30066796A /* IUserInfoStorageProvider.swift in Sources */ = {isa = PBXBuildFile; fileRef = C34CE22F217CD7F30066796A /* IUserInfoStorageProvider.swift */; };
		C354F9182165F1270048320E /* Message.swift in Sources */ = {isa = PBXBuildFile; fileRef = C354F9172165F1270048320E /* Message.swift */; };
		C354F91A2165F60C0048320E /* ChatCell.swift in Sources */ = {isa = PBXBuildFile; fileRef = C354F9192165F60C0048320E /* ChatCell.swift */; };
		C354F91F2165F9D30048320E /* SelectedConversatinPreviewService.swift in Sources */ = {isa = PBXBuildFile; fileRef = C354F91E2165F9D30048320E /* SelectedConversatinPreviewService.swift */; };
		C354F9222165FD550048320E /* SwinjectContainer.swift in Sources */ = {isa = PBXBuildFile; fileRef = C354F9212165FD550048320E /* SwinjectContainer.swift */; };
		C354F927216600FA0048320E /* IConversationView.swift in Sources */ = {isa = PBXBuildFile; fileRef = C354F926216600FA0048320E /* IConversationView.swift */; };
		C354F929216601120048320E /* IConversationPresenter.swift in Sources */ = {isa = PBXBuildFile; fileRef = C354F928216601120048320E /* IConversationPresenter.swift */; };
		C354F92B2166012D0048320E /* ConversationPresenter.swift in Sources */ = {isa = PBXBuildFile; fileRef = C354F92A2166012D0048320E /* ConversationPresenter.swift */; };
		C354F930216604100048320E /* IConversationsListView.swift in Sources */ = {isa = PBXBuildFile; fileRef = C354F92F216604100048320E /* IConversationsListView.swift */; };
		C354F932216604250048320E /* ConversationsListPresenter.swift in Sources */ = {isa = PBXBuildFile; fileRef = C354F931216604250048320E /* ConversationsListPresenter.swift */; };
		C354F9342166043E0048320E /* IConversationsListPresenter.swift in Sources */ = {isa = PBXBuildFile; fileRef = C354F9332166043E0048320E /* IConversationsListPresenter.swift */; };
		C354F936216605080048320E /* IConversationsStorage.swift in Sources */ = {isa = PBXBuildFile; fileRef = C354F935216605080048320E /* IConversationsStorage.swift */; };
		C354F93A216605410048320E /* ISelectedConversationService.swift in Sources */ = {isa = PBXBuildFile; fileRef = C354F939216605410048320E /* ISelectedConversationService.swift */; };
		C35707AF2152E61E00244E5E /* AppDelegate.swift in Sources */ = {isa = PBXBuildFile; fileRef = C35707AE2152E61E00244E5E /* AppDelegate.swift */; };
		C35707B12152E61E00244E5E /* ProfileViewController.swift in Sources */ = {isa = PBXBuildFile; fileRef = C35707B02152E61E00244E5E /* ProfileViewController.swift */; };
		C35707B42152E61E00244E5E /* ProfileViewController.storyboard in Resources */ = {isa = PBXBuildFile; fileRef = C35707B22152E61E00244E5E /* ProfileViewController.storyboard */; };
		C35707B62152E62100244E5E /* Assets.xcassets in Resources */ = {isa = PBXBuildFile; fileRef = C35707B52152E62100244E5E /* Assets.xcassets */; };
		C35707B92152E62100244E5E /* LaunchScreen.storyboard in Resources */ = {isa = PBXBuildFile; fileRef = C35707B72152E62100244E5E /* LaunchScreen.storyboard */; };
		C3760499218E185D00AFEEEA /* CoreDataUserInfoStorage.swift in Sources */ = {isa = PBXBuildFile; fileRef = C3760498218E185D00AFEEEA /* CoreDataUserInfoStorage.swift */; };
		C387C20A219AC1F1005DE328 /* BaseDataServiceDelegate.swift in Sources */ = {isa = PBXBuildFile; fileRef = C387C209219AC1F1005DE328 /* BaseDataServiceDelegate.swift */; };
		C387C20C219AC205005DE328 /* MessagesDataServiceDelegate.swift in Sources */ = {isa = PBXBuildFile; fileRef = C387C20B219AC205005DE328 /* MessagesDataServiceDelegate.swift */; };
		C387C20E219AC21E005DE328 /* IMessagesDataService.swift in Sources */ = {isa = PBXBuildFile; fileRef = C387C20D219AC21E005DE328 /* IMessagesDataService.swift */; };
		C387C210219AC23A005DE328 /* MessagesDataService.swift in Sources */ = {isa = PBXBuildFile; fileRef = C387C20F219AC23A005DE328 /* MessagesDataService.swift */; };
		C387C21C219D6B67005DE328 /* IConversationsListInteractor.swift in Sources */ = {isa = PBXBuildFile; fileRef = C387C21B219D6B67005DE328 /* IConversationsListInteractor.swift */; };
		C387C21F219D6B8A005DE328 /* ConversationsListInteractorDelegate.swift in Sources */ = {isa = PBXBuildFile; fileRef = C387C21E219D6B8A005DE328 /* ConversationsListInteractorDelegate.swift */; };
		C387C221219D6BA1005DE328 /* ConversationsListInteractor.swift in Sources */ = {isa = PBXBuildFile; fileRef = C387C220219D6BA1005DE328 /* ConversationsListInteractor.swift */; };
		C387C224219D74B3005DE328 /* ConversationInteractorDelegate.swift in Sources */ = {isa = PBXBuildFile; fileRef = C387C223219D74B3005DE328 /* ConversationInteractorDelegate.swift */; };
		C387C226219D74C6005DE328 /* IConversationInteractor.swift in Sources */ = {isa = PBXBuildFile; fileRef = C387C225219D74C6005DE328 /* IConversationInteractor.swift */; };
		C387C228219D74D8005DE328 /* ConversationInteractor.swift in Sources */ = {isa = PBXBuildFile; fileRef = C387C227219D74D8005DE328 /* ConversationInteractor.swift */; };
		C387C26F219DDE99005DE328 /* ProfileInteractorDelegate.swift in Sources */ = {isa = PBXBuildFile; fileRef = C387C26E219DDE99005DE328 /* ProfileInteractorDelegate.swift */; };
		C387C271219DDEB2005DE328 /* IProfileInteractor.swift in Sources */ = {isa = PBXBuildFile; fileRef = C387C270219DDEB2005DE328 /* IProfileInteractor.swift */; };
		C387C273219DDEC6005DE328 /* ProfileInteractor.swift in Sources */ = {isa = PBXBuildFile; fileRef = C387C272219DDEC6005DE328 /* ProfileInteractor.swift */; };
		C387C276219DE280005DE328 /* EditProfileInteractorDelegate.swift in Sources */ = {isa = PBXBuildFile; fileRef = C387C275219DE280005DE328 /* EditProfileInteractorDelegate.swift */; };
		C387C278219DE291005DE328 /* IEditProfileInteractor.swift in Sources */ = {isa = PBXBuildFile; fileRef = C387C277219DE291005DE328 /* IEditProfileInteractor.swift */; };
		C387C27A219DE2A7005DE328 /* EditProfileInteractor.swift in Sources */ = {isa = PBXBuildFile; fileRef = C387C279219DE2A7005DE328 /* EditProfileInteractor.swift */; };
		C387C281219EB0BC005DE328 /* CoreDataMessagesStorage.swift in Sources */ = {isa = PBXBuildFile; fileRef = C387C280219EB0BC005DE328 /* CoreDataMessagesStorage.swift */; };
		C387C283219EB623005DE328 /* IMessagesStorage.swift in Sources */ = {isa = PBXBuildFile; fileRef = C387C282219EB623005DE328 /* IMessagesStorage.swift */; };
		C387C288219EB67F005DE328 /* UserProfileDataServiceDelegate.swift in Sources */ = {isa = PBXBuildFile; fileRef = C387C287219EB67F005DE328 /* UserProfileDataServiceDelegate.swift */; };
		C387C28A219EB692005DE328 /* IUserProfileDataService.swift in Sources */ = {isa = PBXBuildFile; fileRef = C387C289219EB692005DE328 /* IUserProfileDataService.swift */; };
		C390585D218E1ECE002D4ED7 /* TinkoffChat.xcdatamodeld in Sources */ = {isa = PBXBuildFile; fileRef = C390585B218E1ECE002D4ED7 /* TinkoffChat.xcdatamodeld */; };
		C3905869218E3021002D4ED7 /* CoreDataExtendedUserInfoStorage.swift in Sources */ = {isa = PBXBuildFile; fileRef = C3905868218E3021002D4ED7 /* CoreDataExtendedUserInfoStorage.swift */; };
		C390586C218E4203002D4ED7 /* CoreDataStack.swift in Sources */ = {isa = PBXBuildFile; fileRef = C390586B218E4203002D4ED7 /* CoreDataStack.swift */; };
		C3D95EF82197458B007911AD /* ConversationEntity+CoreDataClass.swift in Sources */ = {isa = PBXBuildFile; fileRef = C3D95EF62197458B007911AD /* ConversationEntity+CoreDataClass.swift */; };
		C3D95EF92197458B007911AD /* ConversationEntity+CoreDataProperties.swift in Sources */ = {isa = PBXBuildFile; fileRef = C3D95EF72197458B007911AD /* ConversationEntity+CoreDataProperties.swift */; };
		C3D95EFD2198AE17007911AD /* FetchRequestBuilder.swift in Sources */ = {isa = PBXBuildFile; fileRef = C3D95EFC2198AE17007911AD /* FetchRequestBuilder.swift */; };
		C3D95EFF219BF561007911AD /* ConversationDataService.swift in Sources */ = {isa = PBXBuildFile; fileRef = C3D95EFE219BF561007911AD /* ConversationDataService.swift */; };
		C3D95F01219BFE58007911AD /* IConversationDataService.swift in Sources */ = {isa = PBXBuildFile; fileRef = C3D95F00219BFE58007911AD /* IConversationDataService.swift */; };
		C3D95F03219BFE6B007911AD /* ConversationDataServiceDelegate.swift in Sources */ = {isa = PBXBuildFile; fileRef = C3D95F02219BFE6B007911AD /* ConversationDataServiceDelegate.swift */; };
		C3D95F05219BFEC9007911AD /* UserDataChangedService.swift in Sources */ = {isa = PBXBuildFile; fileRef = C3D95F04219BFEC9007911AD /* UserDataChangedService.swift */; };
		C3DC695E217B9B0800DCEBB1 /* EditProfilePresenter.swift in Sources */ = {isa = PBXBuildFile; fileRef = C3DC695D217B9B0800DCEBB1 /* EditProfilePresenter.swift */; };
		C3DC6960217B9B2700DCEBB1 /* EditProfileViewController.swift in Sources */ = {isa = PBXBuildFile; fileRef = C3DC695F217B9B2700DCEBB1 /* EditProfileViewController.swift */; };
		C3DC6962217B9B3E00DCEBB1 /* EditProfileViewController.storyboard in Resources */ = {isa = PBXBuildFile; fileRef = C3DC6961217B9B3E00DCEBB1 /* EditProfileViewController.storyboard */; };
		C3DC6964217BA71500DCEBB1 /* UserInfo.swift in Sources */ = {isa = PBXBuildFile; fileRef = C3DC6963217BA71500DCEBB1 /* UserInfo.swift */; };
		C3DC6966217BB5C900DCEBB1 /* IUserInfoStorage.swift in Sources */ = {isa = PBXBuildFile; fileRef = C3DC6965217BB5C900DCEBB1 /* IUserInfoStorage.swift */; };
		C3DC6968217BB5E600DCEBB1 /* GCDUserInfoStorage.swift in Sources */ = {isa = PBXBuildFile; fileRef = C3DC6967217BB5E600DCEBB1 /* GCDUserInfoStorage.swift */; };
		C3DC696A217BB7C800DCEBB1 /* IEditProfileView.swift in Sources */ = {isa = PBXBuildFile; fileRef = C3DC6969217BB7C800DCEBB1 /* IEditProfileView.swift */; };
		C3DC696C217BB7F100DCEBB1 /* IEditProfilePresenter.swift in Sources */ = {isa = PBXBuildFile; fileRef = C3DC696B217BB7F100DCEBB1 /* IEditProfilePresenter.swift */; };
		C3DC6976217BD0A000DCEBB1 /* IProfileView.swift in Sources */ = {isa = PBXBuildFile; fileRef = C3DC6975217BD0A000DCEBB1 /* IProfileView.swift */; };
		C3DC6978217BD0B500DCEBB1 /* IProfilePresenter.swift in Sources */ = {isa = PBXBuildFile; fileRef = C3DC6977217BD0B500DCEBB1 /* IProfilePresenter.swift */; };
		C3DC697A217BD0CB00DCEBB1 /* ProfilePresenter.swift in Sources */ = {isa = PBXBuildFile; fileRef = C3DC6979217BD0CB00DCEBB1 /* ProfilePresenter.swift */; };
		C3E5D2C521B9150100ABC5BC /* LoadAvatarViewMock.swift in Sources */ = {isa = PBXBuildFile; fileRef = C3E5D2C421B9150100ABC5BC /* LoadAvatarViewMock.swift */; };
		C3E5D2C721B9157200ABC5BC /* AvatarNetworkServiceMock.swift in Sources */ = {isa = PBXBuildFile; fileRef = C3E5D2C621B9157200ABC5BC /* AvatarNetworkServiceMock.swift */; };
		C3E5D2C921B915AF00ABC5BC /* UserProfileDataServiceMock.swift in Sources */ = {isa = PBXBuildFile; fileRef = C3E5D2C821B915AF00ABC5BC /* UserProfileDataServiceMock.swift */; };
		C3E9958221A6969C0067BD4D /* LoadAvatarViewController.swift in Sources */ = {isa = PBXBuildFile; fileRef = C3E9958121A6969C0067BD4D /* LoadAvatarViewController.swift */; };
		C3E9958421A696C90067BD4D /* LoadAvatarViewController.storyboard in Resources */ = {isa = PBXBuildFile; fileRef = C3E9958321A696C90067BD4D /* LoadAvatarViewController.storyboard */; };
		C3E9958721A7362F0067BD4D /* AvatarCell.xib in Resources */ = {isa = PBXBuildFile; fileRef = C3E9958621A7362F0067BD4D /* AvatarCell.xib */; };
		C3E9958921A742C20067BD4D /* PixabayResult.swift in Sources */ = {isa = PBXBuildFile; fileRef = C3E9958821A742C20067BD4D /* PixabayResult.swift */; };
		C3E9958B21A742DF0067BD4D /* AvatarImage.swift in Sources */ = {isa = PBXBuildFile; fileRef = C3E9958A21A742DF0067BD4D /* AvatarImage.swift */; };
		C3E9958D21A742FD0067BD4D /* AvatarCell.swift in Sources */ = {isa = PBXBuildFile; fileRef = C3E9958C21A742FD0067BD4D /* AvatarCell.swift */; };
		C3E9959021A743270067BD4D /* ILoadAvatarPresenter.swift in Sources */ = {isa = PBXBuildFile; fileRef = C3E9958F21A743270067BD4D /* ILoadAvatarPresenter.swift */; };
		C3E9959221A743370067BD4D /* LoadAvatarPresenter.swift in Sources */ = {isa = PBXBuildFile; fileRef = C3E9959121A743370067BD4D /* LoadAvatarPresenter.swift */; };
		C3E9959421A743AE0067BD4D /* ILoadAvatarView.swift in Sources */ = {isa = PBXBuildFile; fileRef = C3E9959321A743AE0067BD4D /* ILoadAvatarView.swift */; };
		C3E9959721A743FD0067BD4D /* AvatarNetworkServiceDelegate.swift in Sources */ = {isa = PBXBuildFile; fileRef = C3E9959621A743FD0067BD4D /* AvatarNetworkServiceDelegate.swift */; };
		C3E9959921A7440E0067BD4D /* IAvatarNetworkService.swift in Sources */ = {isa = PBXBuildFile; fileRef = C3E9959821A7440E0067BD4D /* IAvatarNetworkService.swift */; };
		C3E9959B21A7441F0067BD4D /* PixabayAvatarNetworkService.swift in Sources */ = {isa = PBXBuildFile; fileRef = C3E9959A21A7441F0067BD4D /* PixabayAvatarNetworkService.swift */; };
		C3E995A321A8667E0067BD4D /* LoadedImage.swift in Sources */ = {isa = PBXBuildFile; fileRef = C3E995A221A8667E0067BD4D /* LoadedImage.swift */; };
		C3E995A621A8A0820067BD4D /* UserInfoEntity+CoreDataClass.swift in Sources */ = {isa = PBXBuildFile; fileRef = C3E995A421A8A0820067BD4D /* UserInfoEntity+CoreDataClass.swift */; };
		C3E995A721A8A0820067BD4D /* UserInfoEntity+CoreDataProperties.swift in Sources */ = {isa = PBXBuildFile; fileRef = C3E995A521A8A0820067BD4D /* UserInfoEntity+CoreDataProperties.swift */; };
		C3E9E46521B90EAB00D443A8 /* LoadAvatarPresenterTests.swift in Sources */ = {isa = PBXBuildFile; fileRef = C3E9E46421B90EAB00D443A8 /* LoadAvatarPresenterTests.swift */; };
		C3EBEF7221B12FA900B406BC /* TinkoffViewController.swift in Sources */ = {isa = PBXBuildFile; fileRef = C3EBEF7121B12FA900B406BC /* TinkoffViewController.swift */; };
		C3F835342196C5C000A2D767 /* MessageEntity+CoreDataProperties.swift in Sources */ = {isa = PBXBuildFile; fileRef = C3F8352E2196C5C000A2D767 /* MessageEntity+CoreDataProperties.swift */; };
		C3F835352196C5C000A2D767 /* MessageEntity+CoreDataClass.swift in Sources */ = {isa = PBXBuildFile; fileRef = C3F8352F2196C5C000A2D767 /* MessageEntity+CoreDataClass.swift */; };
		C3FF5C152180DDA000D5F899 /* MultipeerConnectionService.swift in Sources */ = {isa = PBXBuildFile; fileRef = C3FF5C142180DDA000D5F899 /* MultipeerConnectionService.swift */; };
/* End PBXBuildFile section */

/* Begin PBXContainerItemProxy section */
		C3E9E46721B90EAB00D443A8 /* PBXContainerItemProxy */ = {
			isa = PBXContainerItemProxy;
			containerPortal = C35707A32152E61E00244E5E /* Project object */;
			proxyType = 1;
			remoteGlobalIDString = C35707AA2152E61E00244E5E;
			remoteInfo = TinkoffChat;
		};
/* End PBXContainerItemProxy section */

/* Begin PBXFileReference section */
		542C4CD015D0489F445068C4 /* Pods_TinkoffChat.framework */ = {isa = PBXFileReference; explicitFileType = wrapper.framework; includeInIndex = 0; path = Pods_TinkoffChat.framework; sourceTree = BUILT_PRODUCTS_DIR; };
		586B77D09CDBE0735567996D /* Pods-TinkoffChat.release.xcconfig */ = {isa = PBXFileReference; includeInIndex = 1; lastKnownFileType = text.xcconfig; name = "Pods-TinkoffChat.release.xcconfig"; path = "Pods/Target Support Files/Pods-TinkoffChat/Pods-TinkoffChat.release.xcconfig"; sourceTree = "<group>"; };
		A1DF6E4940474C0A970C8446 /* Pods-TinkoffChat.debug.xcconfig */ = {isa = PBXFileReference; includeInIndex = 1; lastKnownFileType = text.xcconfig; name = "Pods-TinkoffChat.debug.xcconfig"; path = "Pods/Target Support Files/Pods-TinkoffChat/Pods-TinkoffChat.debug.xcconfig"; sourceTree = "<group>"; };
		C308831021839847003E1564 /* ExpandableTextView.xib */ = {isa = PBXFileReference; fileEncoding = 4; lastKnownFileType = file.xib; path = ExpandableTextView.xib; sourceTree = "<group>"; };
		C308831121839847003E1564 /* ExpandableTextView.swift */ = {isa = PBXFileReference; fileEncoding = 4; lastKnownFileType = sourcecode.swift; path = ExpandableTextView.swift; sourceTree = "<group>"; };
		C30883162184783F003E1564 /* ICommunicationService.swift */ = {isa = PBXFileReference; lastKnownFileType = sourcecode.swift; path = ICommunicationService.swift; sourceTree = "<group>"; };
		C308831821847851003E1564 /* ICommunicationServiceDelegate.swift */ = {isa = PBXFileReference; lastKnownFileType = sourcecode.swift; path = ICommunicationServiceDelegate.swift; sourceTree = "<group>"; };
		C308831B21847895003E1564 /* IErrorAlertBuilder.swift */ = {isa = PBXFileReference; lastKnownFileType = sourcecode.swift; path = IErrorAlertBuilder.swift; sourceTree = "<group>"; };
		C308831D218478A6003E1564 /* ErrorAlertBuilder.swift */ = {isa = PBXFileReference; lastKnownFileType = sourcecode.swift; path = ErrorAlertBuilder.swift; sourceTree = "<group>"; };
		C308831F21848856003E1564 /* Conversation.swift */ = {isa = PBXFileReference; lastKnownFileType = sourcecode.swift; path = Conversation.swift; sourceTree = "<group>"; };
		C31C19762185B49E00F0EFD9 /* Array+firstIndex.swift */ = {isa = PBXFileReference; lastKnownFileType = sourcecode.swift; path = "Array+firstIndex.swift"; sourceTree = "<group>"; };
		C31EB36B21B3113500672597 /* IOnlineConversationsDataService.swift */ = {isa = PBXFileReference; lastKnownFileType = sourcecode.swift; path = IOnlineConversationsDataService.swift; sourceTree = "<group>"; };
		C31EB36D21B3114F00672597 /* OnlineConversationsDataService.swift */ = {isa = PBXFileReference; lastKnownFileType = sourcecode.swift; path = OnlineConversationsDataService.swift; sourceTree = "<group>"; };
		C31EB36F21B311BF00672597 /* OnlineConversationsDataServiceDelegate.swift */ = {isa = PBXFileReference; lastKnownFileType = sourcecode.swift; path = OnlineConversationsDataServiceDelegate.swift; sourceTree = "<group>"; };
		C323B2F521956EAE0096AE93 /* CoreDataConversationsStorage.swift */ = {isa = PBXFileReference; lastKnownFileType = sourcecode.swift; path = CoreDataConversationsStorage.swift; sourceTree = "<group>"; };
		C323B30521957E8D0096AE93 /* IUserInfoConverter.swift */ = {isa = PBXFileReference; lastKnownFileType = sourcecode.swift; path = IUserInfoConverter.swift; sourceTree = "<group>"; };
		C323B30721957EA20096AE93 /* IConversationConverter.swift */ = {isa = PBXFileReference; lastKnownFileType = sourcecode.swift; path = IConversationConverter.swift; sourceTree = "<group>"; };
		C323B30921957EB50096AE93 /* IMessageConverter.swift */ = {isa = PBXFileReference; lastKnownFileType = sourcecode.swift; path = IMessageConverter.swift; sourceTree = "<group>"; };
		C323B30B219580800096AE93 /* IDBuilder.swift */ = {isa = PBXFileReference; lastKnownFileType = sourcecode.swift; path = IDBuilder.swift; sourceTree = "<group>"; };
		C32DEFE3216529AA009645D9 /* ConversationsListViewController.swift */ = {isa = PBXFileReference; lastKnownFileType = sourcecode.swift; path = ConversationsListViewController.swift; sourceTree = "<group>"; };
		C32DEFE5216529EB009645D9 /* ConversationsListViewController.storyboard */ = {isa = PBXFileReference; lastKnownFileType = file.storyboard; path = ConversationsListViewController.storyboard; sourceTree = "<group>"; };
		C32DEFE721652B6A009645D9 /* ConversationsListCell.swift */ = {isa = PBXFileReference; lastKnownFileType = sourcecode.swift; path = ConversationsListCell.swift; sourceTree = "<group>"; };
		C32DEFE821652B6A009645D9 /* ConversationsListCell.xib */ = {isa = PBXFileReference; lastKnownFileType = file.xib; path = ConversationsListCell.xib; sourceTree = "<group>"; };
		C32DEFEE21655B78009645D9 /* ConversationPreview.swift */ = {isa = PBXFileReference; lastKnownFileType = sourcecode.swift; path = ConversationPreview.swift; sourceTree = "<group>"; };
		C32DEFF521656DCB009645D9 /* ConversationViewController.swift */ = {isa = PBXFileReference; lastKnownFileType = sourcecode.swift; path = ConversationViewController.swift; sourceTree = "<group>"; };
		C32DEFF721656E04009645D9 /* ConversationViewController.storyboard */ = {isa = PBXFileReference; lastKnownFileType = file.storyboard; path = ConversationViewController.storyboard; sourceTree = "<group>"; };
		C32DEFF921656FB4009645D9 /* IncomingMessageCell.swift */ = {isa = PBXFileReference; lastKnownFileType = sourcecode.swift; path = IncomingMessageCell.swift; sourceTree = "<group>"; };
		C32DEFFA21656FB4009645D9 /* IncomingMessageCell.xib */ = {isa = PBXFileReference; lastKnownFileType = file.xib; path = IncomingMessageCell.xib; sourceTree = "<group>"; };
		C32DEFFD21656FC9009645D9 /* OutgoingMessageCell.swift */ = {isa = PBXFileReference; lastKnownFileType = sourcecode.swift; path = OutgoingMessageCell.swift; sourceTree = "<group>"; };
		C32DEFFE21656FC9009645D9 /* OutgoingMessageCell.xib */ = {isa = PBXFileReference; lastKnownFileType = file.xib; path = OutgoingMessageCell.xib; sourceTree = "<group>"; };
		C344392D2153A5F20056F34D /* Podfile */ = {isa = PBXFileReference; fileEncoding = 4; lastKnownFileType = text; path = Podfile; sourceTree = "<group>"; xcLanguageSpecificationIdentifier = xcode.lang.ruby; };
		C34CE227217CD1620066796A /* OperationsUserInfoStorage.swift */ = {isa = PBXFileReference; lastKnownFileType = sourcecode.swift; path = OperationsUserInfoStorage.swift; sourceTree = "<group>"; };
		C34CE229217CD1950066796A /* UserInfoPathProvider.swift */ = {isa = PBXFileReference; lastKnownFileType = sourcecode.swift; path = UserInfoPathProvider.swift; sourceTree = "<group>"; };
		C34CE22B217CD1AB0066796A /* IUserInfoPathProvider.swift */ = {isa = PBXFileReference; lastKnownFileType = sourcecode.swift; path = IUserInfoPathProvider.swift; sourceTree = "<group>"; };
		C34CE22D217CD7DD0066796A /* UserInfoStorageProvider.swift */ = {isa = PBXFileReference; lastKnownFileType = sourcecode.swift; path = UserInfoStorageProvider.swift; sourceTree = "<group>"; };
		C34CE22F217CD7F30066796A /* IUserInfoStorageProvider.swift */ = {isa = PBXFileReference; lastKnownFileType = sourcecode.swift; path = IUserInfoStorageProvider.swift; sourceTree = "<group>"; };
		C354F9172165F1270048320E /* Message.swift */ = {isa = PBXFileReference; lastKnownFileType = sourcecode.swift; path = Message.swift; sourceTree = "<group>"; };
		C354F9192165F60C0048320E /* ChatCell.swift */ = {isa = PBXFileReference; lastKnownFileType = sourcecode.swift; path = ChatCell.swift; sourceTree = "<group>"; };
		C354F91E2165F9D30048320E /* SelectedConversatinPreviewService.swift */ = {isa = PBXFileReference; lastKnownFileType = sourcecode.swift; path = SelectedConversatinPreviewService.swift; sourceTree = "<group>"; };
		C354F9212165FD550048320E /* SwinjectContainer.swift */ = {isa = PBXFileReference; lastKnownFileType = sourcecode.swift; path = SwinjectContainer.swift; sourceTree = "<group>"; };
		C354F926216600FA0048320E /* IConversationView.swift */ = {isa = PBXFileReference; lastKnownFileType = sourcecode.swift; path = IConversationView.swift; sourceTree = "<group>"; };
		C354F928216601120048320E /* IConversationPresenter.swift */ = {isa = PBXFileReference; lastKnownFileType = sourcecode.swift; path = IConversationPresenter.swift; sourceTree = "<group>"; };
		C354F92A2166012D0048320E /* ConversationPresenter.swift */ = {isa = PBXFileReference; lastKnownFileType = sourcecode.swift; path = ConversationPresenter.swift; sourceTree = "<group>"; };
		C354F92F216604100048320E /* IConversationsListView.swift */ = {isa = PBXFileReference; lastKnownFileType = sourcecode.swift; path = IConversationsListView.swift; sourceTree = "<group>"; };
		C354F931216604250048320E /* ConversationsListPresenter.swift */ = {isa = PBXFileReference; lastKnownFileType = sourcecode.swift; path = ConversationsListPresenter.swift; sourceTree = "<group>"; };
		C354F9332166043E0048320E /* IConversationsListPresenter.swift */ = {isa = PBXFileReference; lastKnownFileType = sourcecode.swift; path = IConversationsListPresenter.swift; sourceTree = "<group>"; };
		C354F935216605080048320E /* IConversationsStorage.swift */ = {isa = PBXFileReference; lastKnownFileType = sourcecode.swift; path = IConversationsStorage.swift; sourceTree = "<group>"; };
		C354F939216605410048320E /* ISelectedConversationService.swift */ = {isa = PBXFileReference; lastKnownFileType = sourcecode.swift; path = ISelectedConversationService.swift; sourceTree = "<group>"; };
		C35707AB2152E61E00244E5E /* TinkoffChat.app */ = {isa = PBXFileReference; explicitFileType = wrapper.application; includeInIndex = 0; path = TinkoffChat.app; sourceTree = BUILT_PRODUCTS_DIR; };
		C35707AE2152E61E00244E5E /* AppDelegate.swift */ = {isa = PBXFileReference; lastKnownFileType = sourcecode.swift; path = AppDelegate.swift; sourceTree = "<group>"; };
		C35707B02152E61E00244E5E /* ProfileViewController.swift */ = {isa = PBXFileReference; lastKnownFileType = sourcecode.swift; path = ProfileViewController.swift; sourceTree = "<group>"; };
		C35707B32152E61E00244E5E /* Base */ = {isa = PBXFileReference; lastKnownFileType = file.storyboard; name = Base; path = Base.lproj/ProfileViewController.storyboard; sourceTree = "<group>"; };
		C35707B52152E62100244E5E /* Assets.xcassets */ = {isa = PBXFileReference; lastKnownFileType = folder.assetcatalog; path = Assets.xcassets; sourceTree = "<group>"; };
		C35707B82152E62100244E5E /* Base */ = {isa = PBXFileReference; lastKnownFileType = file.storyboard; name = Base; path = Base.lproj/LaunchScreen.storyboard; sourceTree = "<group>"; };
		C35707BA2152E62100244E5E /* Info.plist */ = {isa = PBXFileReference; lastKnownFileType = text.plist.xml; path = Info.plist; sourceTree = "<group>"; };
		C3760498218E185D00AFEEEA /* CoreDataUserInfoStorage.swift */ = {isa = PBXFileReference; lastKnownFileType = sourcecode.swift; path = CoreDataUserInfoStorage.swift; sourceTree = "<group>"; };
		C387C209219AC1F1005DE328 /* BaseDataServiceDelegate.swift */ = {isa = PBXFileReference; lastKnownFileType = sourcecode.swift; path = BaseDataServiceDelegate.swift; sourceTree = "<group>"; };
		C387C20B219AC205005DE328 /* MessagesDataServiceDelegate.swift */ = {isa = PBXFileReference; lastKnownFileType = sourcecode.swift; path = MessagesDataServiceDelegate.swift; sourceTree = "<group>"; };
		C387C20D219AC21E005DE328 /* IMessagesDataService.swift */ = {isa = PBXFileReference; lastKnownFileType = sourcecode.swift; path = IMessagesDataService.swift; sourceTree = "<group>"; };
		C387C20F219AC23A005DE328 /* MessagesDataService.swift */ = {isa = PBXFileReference; lastKnownFileType = sourcecode.swift; path = MessagesDataService.swift; sourceTree = "<group>"; };
		C387C21B219D6B67005DE328 /* IConversationsListInteractor.swift */ = {isa = PBXFileReference; lastKnownFileType = sourcecode.swift; path = IConversationsListInteractor.swift; sourceTree = "<group>"; };
		C387C21E219D6B8A005DE328 /* ConversationsListInteractorDelegate.swift */ = {isa = PBXFileReference; lastKnownFileType = sourcecode.swift; path = ConversationsListInteractorDelegate.swift; sourceTree = "<group>"; };
		C387C220219D6BA1005DE328 /* ConversationsListInteractor.swift */ = {isa = PBXFileReference; lastKnownFileType = sourcecode.swift; path = ConversationsListInteractor.swift; sourceTree = "<group>"; };
		C387C223219D74B3005DE328 /* ConversationInteractorDelegate.swift */ = {isa = PBXFileReference; lastKnownFileType = sourcecode.swift; path = ConversationInteractorDelegate.swift; sourceTree = "<group>"; };
		C387C225219D74C6005DE328 /* IConversationInteractor.swift */ = {isa = PBXFileReference; lastKnownFileType = sourcecode.swift; path = IConversationInteractor.swift; sourceTree = "<group>"; };
		C387C227219D74D8005DE328 /* ConversationInteractor.swift */ = {isa = PBXFileReference; lastKnownFileType = sourcecode.swift; path = ConversationInteractor.swift; sourceTree = "<group>"; };
		C387C26E219DDE99005DE328 /* ProfileInteractorDelegate.swift */ = {isa = PBXFileReference; lastKnownFileType = sourcecode.swift; path = ProfileInteractorDelegate.swift; sourceTree = "<group>"; };
		C387C270219DDEB2005DE328 /* IProfileInteractor.swift */ = {isa = PBXFileReference; lastKnownFileType = sourcecode.swift; path = IProfileInteractor.swift; sourceTree = "<group>"; };
		C387C272219DDEC6005DE328 /* ProfileInteractor.swift */ = {isa = PBXFileReference; lastKnownFileType = sourcecode.swift; path = ProfileInteractor.swift; sourceTree = "<group>"; };
		C387C275219DE280005DE328 /* EditProfileInteractorDelegate.swift */ = {isa = PBXFileReference; lastKnownFileType = sourcecode.swift; path = EditProfileInteractorDelegate.swift; sourceTree = "<group>"; };
		C387C277219DE291005DE328 /* IEditProfileInteractor.swift */ = {isa = PBXFileReference; lastKnownFileType = sourcecode.swift; path = IEditProfileInteractor.swift; sourceTree = "<group>"; };
		C387C279219DE2A7005DE328 /* EditProfileInteractor.swift */ = {isa = PBXFileReference; lastKnownFileType = sourcecode.swift; path = EditProfileInteractor.swift; sourceTree = "<group>"; };
		C387C280219EB0BC005DE328 /* CoreDataMessagesStorage.swift */ = {isa = PBXFileReference; lastKnownFileType = sourcecode.swift; path = CoreDataMessagesStorage.swift; sourceTree = "<group>"; };
		C387C282219EB623005DE328 /* IMessagesStorage.swift */ = {isa = PBXFileReference; lastKnownFileType = sourcecode.swift; path = IMessagesStorage.swift; sourceTree = "<group>"; };
		C387C287219EB67F005DE328 /* UserProfileDataServiceDelegate.swift */ = {isa = PBXFileReference; lastKnownFileType = sourcecode.swift; path = UserProfileDataServiceDelegate.swift; sourceTree = "<group>"; };
		C387C289219EB692005DE328 /* IUserProfileDataService.swift */ = {isa = PBXFileReference; lastKnownFileType = sourcecode.swift; path = IUserProfileDataService.swift; sourceTree = "<group>"; };
		C390585C218E1ECE002D4ED7 /* TinkoffChat.xcdatamodel */ = {isa = PBXFileReference; lastKnownFileType = wrapper.xcdatamodel; path = TinkoffChat.xcdatamodel; sourceTree = "<group>"; };
		C3905868218E3021002D4ED7 /* CoreDataExtendedUserInfoStorage.swift */ = {isa = PBXFileReference; lastKnownFileType = sourcecode.swift; path = CoreDataExtendedUserInfoStorage.swift; sourceTree = "<group>"; };
		C390586B218E4203002D4ED7 /* CoreDataStack.swift */ = {isa = PBXFileReference; lastKnownFileType = sourcecode.swift; path = CoreDataStack.swift; sourceTree = "<group>"; };
		C3D95EF62197458B007911AD /* ConversationEntity+CoreDataClass.swift */ = {isa = PBXFileReference; lastKnownFileType = sourcecode.swift; path = "ConversationEntity+CoreDataClass.swift"; sourceTree = "<group>"; };
		C3D95EF72197458B007911AD /* ConversationEntity+CoreDataProperties.swift */ = {isa = PBXFileReference; lastKnownFileType = sourcecode.swift; path = "ConversationEntity+CoreDataProperties.swift"; sourceTree = "<group>"; };
		C3D95EFC2198AE17007911AD /* FetchRequestBuilder.swift */ = {isa = PBXFileReference; lastKnownFileType = sourcecode.swift; path = FetchRequestBuilder.swift; sourceTree = "<group>"; };
		C3D95EFE219BF561007911AD /* ConversationDataService.swift */ = {isa = PBXFileReference; lastKnownFileType = sourcecode.swift; path = ConversationDataService.swift; sourceTree = "<group>"; };
		C3D95F00219BFE58007911AD /* IConversationDataService.swift */ = {isa = PBXFileReference; lastKnownFileType = sourcecode.swift; path = IConversationDataService.swift; sourceTree = "<group>"; };
		C3D95F02219BFE6B007911AD /* ConversationDataServiceDelegate.swift */ = {isa = PBXFileReference; lastKnownFileType = sourcecode.swift; path = ConversationDataServiceDelegate.swift; sourceTree = "<group>"; };
		C3D95F04219BFEC9007911AD /* UserDataChangedService.swift */ = {isa = PBXFileReference; lastKnownFileType = sourcecode.swift; path = UserDataChangedService.swift; sourceTree = "<group>"; };
		C3DC695D217B9B0800DCEBB1 /* EditProfilePresenter.swift */ = {isa = PBXFileReference; lastKnownFileType = sourcecode.swift; path = EditProfilePresenter.swift; sourceTree = "<group>"; };
		C3DC695F217B9B2700DCEBB1 /* EditProfileViewController.swift */ = {isa = PBXFileReference; lastKnownFileType = sourcecode.swift; path = EditProfileViewController.swift; sourceTree = "<group>"; };
		C3DC6961217B9B3E00DCEBB1 /* EditProfileViewController.storyboard */ = {isa = PBXFileReference; lastKnownFileType = file.storyboard; path = EditProfileViewController.storyboard; sourceTree = "<group>"; };
		C3DC6963217BA71500DCEBB1 /* UserInfo.swift */ = {isa = PBXFileReference; lastKnownFileType = sourcecode.swift; path = UserInfo.swift; sourceTree = "<group>"; };
		C3DC6965217BB5C900DCEBB1 /* IUserInfoStorage.swift */ = {isa = PBXFileReference; lastKnownFileType = sourcecode.swift; path = IUserInfoStorage.swift; sourceTree = "<group>"; };
		C3DC6967217BB5E600DCEBB1 /* GCDUserInfoStorage.swift */ = {isa = PBXFileReference; lastKnownFileType = sourcecode.swift; path = GCDUserInfoStorage.swift; sourceTree = "<group>"; };
		C3DC6969217BB7C800DCEBB1 /* IEditProfileView.swift */ = {isa = PBXFileReference; lastKnownFileType = sourcecode.swift; path = IEditProfileView.swift; sourceTree = "<group>"; };
		C3DC696B217BB7F100DCEBB1 /* IEditProfilePresenter.swift */ = {isa = PBXFileReference; lastKnownFileType = sourcecode.swift; path = IEditProfilePresenter.swift; sourceTree = "<group>"; };
		C3DC6975217BD0A000DCEBB1 /* IProfileView.swift */ = {isa = PBXFileReference; lastKnownFileType = sourcecode.swift; path = IProfileView.swift; sourceTree = "<group>"; };
		C3DC6977217BD0B500DCEBB1 /* IProfilePresenter.swift */ = {isa = PBXFileReference; lastKnownFileType = sourcecode.swift; path = IProfilePresenter.swift; sourceTree = "<group>"; };
		C3DC6979217BD0CB00DCEBB1 /* ProfilePresenter.swift */ = {isa = PBXFileReference; lastKnownFileType = sourcecode.swift; path = ProfilePresenter.swift; sourceTree = "<group>"; };
		C3E5D2C421B9150100ABC5BC /* LoadAvatarViewMock.swift */ = {isa = PBXFileReference; lastKnownFileType = sourcecode.swift; path = LoadAvatarViewMock.swift; sourceTree = "<group>"; };
		C3E5D2C621B9157200ABC5BC /* AvatarNetworkServiceMock.swift */ = {isa = PBXFileReference; lastKnownFileType = sourcecode.swift; path = AvatarNetworkServiceMock.swift; sourceTree = "<group>"; };
		C3E5D2C821B915AF00ABC5BC /* UserProfileDataServiceMock.swift */ = {isa = PBXFileReference; lastKnownFileType = sourcecode.swift; path = UserProfileDataServiceMock.swift; sourceTree = "<group>"; };
		C3E9958121A6969C0067BD4D /* LoadAvatarViewController.swift */ = {isa = PBXFileReference; lastKnownFileType = sourcecode.swift; path = LoadAvatarViewController.swift; sourceTree = "<group>"; };
		C3E9958321A696C90067BD4D /* LoadAvatarViewController.storyboard */ = {isa = PBXFileReference; lastKnownFileType = file.storyboard; path = LoadAvatarViewController.storyboard; sourceTree = "<group>"; };
		C3E9958621A7362F0067BD4D /* AvatarCell.xib */ = {isa = PBXFileReference; lastKnownFileType = file.xib; path = AvatarCell.xib; sourceTree = "<group>"; };
		C3E9958821A742C20067BD4D /* PixabayResult.swift */ = {isa = PBXFileReference; lastKnownFileType = sourcecode.swift; path = PixabayResult.swift; sourceTree = "<group>"; };
		C3E9958A21A742DF0067BD4D /* AvatarImage.swift */ = {isa = PBXFileReference; lastKnownFileType = sourcecode.swift; path = AvatarImage.swift; sourceTree = "<group>"; };
		C3E9958C21A742FD0067BD4D /* AvatarCell.swift */ = {isa = PBXFileReference; lastKnownFileType = sourcecode.swift; path = AvatarCell.swift; sourceTree = "<group>"; };
		C3E9958F21A743270067BD4D /* ILoadAvatarPresenter.swift */ = {isa = PBXFileReference; lastKnownFileType = sourcecode.swift; path = ILoadAvatarPresenter.swift; sourceTree = "<group>"; };
		C3E9959121A743370067BD4D /* LoadAvatarPresenter.swift */ = {isa = PBXFileReference; lastKnownFileType = sourcecode.swift; path = LoadAvatarPresenter.swift; sourceTree = "<group>"; };
		C3E9959321A743AE0067BD4D /* ILoadAvatarView.swift */ = {isa = PBXFileReference; lastKnownFileType = sourcecode.swift; path = ILoadAvatarView.swift; sourceTree = "<group>"; };
		C3E9959621A743FD0067BD4D /* AvatarNetworkServiceDelegate.swift */ = {isa = PBXFileReference; lastKnownFileType = sourcecode.swift; path = AvatarNetworkServiceDelegate.swift; sourceTree = "<group>"; };
		C3E9959821A7440E0067BD4D /* IAvatarNetworkService.swift */ = {isa = PBXFileReference; lastKnownFileType = sourcecode.swift; path = IAvatarNetworkService.swift; sourceTree = "<group>"; };
		C3E9959A21A7441F0067BD4D /* PixabayAvatarNetworkService.swift */ = {isa = PBXFileReference; lastKnownFileType = sourcecode.swift; path = PixabayAvatarNetworkService.swift; sourceTree = "<group>"; };
		C3E995A221A8667E0067BD4D /* LoadedImage.swift */ = {isa = PBXFileReference; lastKnownFileType = sourcecode.swift; path = LoadedImage.swift; sourceTree = "<group>"; };
		C3E995A421A8A0820067BD4D /* UserInfoEntity+CoreDataClass.swift */ = {isa = PBXFileReference; lastKnownFileType = sourcecode.swift; path = "UserInfoEntity+CoreDataClass.swift"; sourceTree = "<group>"; };
		C3E995A521A8A0820067BD4D /* UserInfoEntity+CoreDataProperties.swift */ = {isa = PBXFileReference; lastKnownFileType = sourcecode.swift; path = "UserInfoEntity+CoreDataProperties.swift"; sourceTree = "<group>"; };
		C3E9E46221B90EAB00D443A8 /* TinkoffChatTests.xctest */ = {isa = PBXFileReference; explicitFileType = wrapper.cfbundle; includeInIndex = 0; path = TinkoffChatTests.xctest; sourceTree = BUILT_PRODUCTS_DIR; };
		C3E9E46421B90EAB00D443A8 /* LoadAvatarPresenterTests.swift */ = {isa = PBXFileReference; lastKnownFileType = sourcecode.swift; path = LoadAvatarPresenterTests.swift; sourceTree = "<group>"; };
		C3E9E46621B90EAB00D443A8 /* Info.plist */ = {isa = PBXFileReference; lastKnownFileType = text.plist.xml; path = Info.plist; sourceTree = "<group>"; };
		C3EBEF7121B12FA900B406BC /* TinkoffViewController.swift */ = {isa = PBXFileReference; lastKnownFileType = sourcecode.swift; path = TinkoffViewController.swift; sourceTree = "<group>"; };
		C3F8352E2196C5C000A2D767 /* MessageEntity+CoreDataProperties.swift */ = {isa = PBXFileReference; fileEncoding = 4; lastKnownFileType = sourcecode.swift; path = "MessageEntity+CoreDataProperties.swift"; sourceTree = "<group>"; };
		C3F8352F2196C5C000A2D767 /* MessageEntity+CoreDataClass.swift */ = {isa = PBXFileReference; fileEncoding = 4; lastKnownFileType = sourcecode.swift; path = "MessageEntity+CoreDataClass.swift"; sourceTree = "<group>"; };
		C3FF5C142180DDA000D5F899 /* MultipeerConnectionService.swift */ = {isa = PBXFileReference; lastKnownFileType = sourcecode.swift; path = MultipeerConnectionService.swift; sourceTree = "<group>"; };
/* End PBXFileReference section */

/* Begin PBXFrameworksBuildPhase section */
		C35707A82152E61E00244E5E /* Frameworks */ = {
			isa = PBXFrameworksBuildPhase;
			buildActionMask = 2147483647;
			files = (
				25A589ED8B085F1A3DB9498A /* Pods_TinkoffChat.framework in Frameworks */,
			);
			runOnlyForDeploymentPostprocessing = 0;
		};
		C3E9E45F21B90EAB00D443A8 /* Frameworks */ = {
			isa = PBXFrameworksBuildPhase;
			buildActionMask = 2147483647;
			files = (
			);
			runOnlyForDeploymentPostprocessing = 0;
		};
/* End PBXFrameworksBuildPhase section */

/* Begin PBXGroup section */
		1BC90DEF2A930949A24E0AAC /* Pods */ = {
			isa = PBXGroup;
			children = (
				A1DF6E4940474C0A970C8446 /* Pods-TinkoffChat.debug.xcconfig */,
				586B77D09CDBE0735567996D /* Pods-TinkoffChat.release.xcconfig */,
			);
			name = Pods;
			sourceTree = "<group>";
		};
		6FFD33456D9F6CC579AE9DA3 /* Frameworks */ = {
			isa = PBXGroup;
			children = (
				542C4CD015D0489F445068C4 /* Pods_TinkoffChat.framework */,
			);
			name = Frameworks;
			sourceTree = "<group>";
		};
		C308830E21839819003E1564 /* Views */ = {
			isa = PBXGroup;
			children = (
				C308830F2183982E003E1564 /* ExpandableTextView */,
			);
			path = Views;
			sourceTree = "<group>";
		};
		C308830F2183982E003E1564 /* ExpandableTextView */ = {
			isa = PBXGroup;
			children = (
				C308831121839847003E1564 /* ExpandableTextView.swift */,
				C308831021839847003E1564 /* ExpandableTextView.xib */,
			);
			path = ExpandableTextView;
			sourceTree = "<group>";
		};
		C308831A21847889003E1564 /* Builders */ = {
			isa = PBXGroup;
			children = (
				C308831B21847895003E1564 /* IErrorAlertBuilder.swift */,
				C308831D218478A6003E1564 /* ErrorAlertBuilder.swift */,
				C323B30B219580800096AE93 /* IDBuilder.swift */,
				C3D95EFC2198AE17007911AD /* FetchRequestBuilder.swift */,
			);
			path = Builders;
			sourceTree = "<group>";
		};
		C31C19752185B48200F0EFD9 /* Extensions */ = {
			isa = PBXGroup;
			children = (
				C31C19762185B49E00F0EFD9 /* Array+firstIndex.swift */,
			);
			path = Extensions;
			sourceTree = "<group>";
		};
		C31EB36A21B3111400672597 /* Online Conversations */ = {
			isa = PBXGroup;
			children = (
				C31EB36B21B3113500672597 /* IOnlineConversationsDataService.swift */,
				C31EB36D21B3114F00672597 /* OnlineConversationsDataService.swift */,
				C31EB36F21B311BF00672597 /* OnlineConversationsDataServiceDelegate.swift */,
			);
			path = "Online Conversations";
			sourceTree = "<group>";
		};
		C323B2F421949B1F0096AE93 /* CoreDataModels */ = {
			isa = PBXGroup;
			children = (
				C3E995A421A8A0820067BD4D /* UserInfoEntity+CoreDataClass.swift */,
				C3E995A521A8A0820067BD4D /* UserInfoEntity+CoreDataProperties.swift */,
				C3D95EF62197458B007911AD /* ConversationEntity+CoreDataClass.swift */,
				C3D95EF72197458B007911AD /* ConversationEntity+CoreDataProperties.swift */,
				C3F8352F2196C5C000A2D767 /* MessageEntity+CoreDataClass.swift */,
				C3F8352E2196C5C000A2D767 /* MessageEntity+CoreDataProperties.swift */,
			);
			path = CoreDataModels;
			sourceTree = "<group>";
		};
		C323B2F7219577980096AE93 /* Helpers */ = {
			isa = PBXGroup;
			children = (
				C323B2F8219577A20096AE93 /* Converters */,
			);
			path = Helpers;
			sourceTree = "<group>";
		};
		C323B2F8219577A20096AE93 /* Converters */ = {
			isa = PBXGroup;
			children = (
				C323B30521957E8D0096AE93 /* IUserInfoConverter.swift */,
				C323B30721957EA20096AE93 /* IConversationConverter.swift */,
				C323B30921957EB50096AE93 /* IMessageConverter.swift */,
			);
			path = Converters;
			sourceTree = "<group>";
		};
		C32DEFE221652988009645D9 /* ConverstionsList */ = {
			isa = PBXGroup;
			children = (
				C387C21A219D6B44005DE328 /* Interactor */,
				C354F92E2166018B0048320E /* Presenter */,
				C354F92D216601840048320E /* View */,
				C354F92C216601740048320E /* Cells */,
			);
			path = ConverstionsList;
			sourceTree = "<group>";
		};
		C32DEFEB21653438009645D9 /* Profile */ = {
			isa = PBXGroup;
			children = (
				C387C26D219DDE78005DE328 /* Interactor */,
				C3DC6974217BCDA100DCEBB1 /* Presenter */,
				C3DC6973217BCD9700DCEBB1 /* View */,
			);
			path = Profile;
			sourceTree = "<group>";
		};
		C32DEFEC21653450009645D9 /* SupportingFiles */ = {
			isa = PBXGroup;
			children = (
				C35707AE2152E61E00244E5E /* AppDelegate.swift */,
				C35707B52152E62100244E5E /* Assets.xcassets */,
				C35707B72152E62100244E5E /* LaunchScreen.storyboard */,
				C35707BA2152E62100244E5E /* Info.plist */,
			);
			path = SupportingFiles;
			sourceTree = "<group>";
		};
		C32DEFED21655B64009645D9 /* Models */ = {
			isa = PBXGroup;
			children = (
				C32DEFEE21655B78009645D9 /* ConversationPreview.swift */,
				C354F9172165F1270048320E /* Message.swift */,
				C308831F21848856003E1564 /* Conversation.swift */,
				C3DC6963217BA71500DCEBB1 /* UserInfo.swift */,
				C323B2F421949B1F0096AE93 /* CoreDataModels */,
				C3E9958821A742C20067BD4D /* PixabayResult.swift */,
				C3E9958A21A742DF0067BD4D /* AvatarImage.swift */,
				C3E995A221A8667E0067BD4D /* LoadedImage.swift */,
			);
			path = Models;
			sourceTree = "<group>";
		};
		C32DEFF221656B95009645D9 /* Storages */ = {
			isa = PBXGroup;
			children = (
				C390586A218E41EE002D4ED7 /* CoreData */,
				C3DC6965217BB5C900DCEBB1 /* IUserInfoStorage.swift */,
				C3DC6967217BB5E600DCEBB1 /* GCDUserInfoStorage.swift */,
				C354F935216605080048320E /* IConversationsStorage.swift */,
				C34CE227217CD1620066796A /* OperationsUserInfoStorage.swift */,
				C390585B218E1ECE002D4ED7 /* TinkoffChat.xcdatamodeld */,
				C387C282219EB623005DE328 /* IMessagesStorage.swift */,
			);
			path = Storages;
			sourceTree = "<group>";
		};
		C32DEFF321656C89009645D9 /* Screens */ = {
			isa = PBXGroup;
			children = (
				C3E9957F21A696640067BD4D /* Load Avatar */,
				C3DC695A217B9AC200DCEBB1 /* Edit Profile */,
				C32DEFF421656DAD009645D9 /* Conversation */,
				C32DEFEB21653438009645D9 /* Profile */,
				C32DEFE221652988009645D9 /* ConverstionsList */,
				C3EBEF7121B12FA900B406BC /* TinkoffViewController.swift */,
			);
			path = Screens;
			sourceTree = "<group>";
		};
		C32DEFF421656DAD009645D9 /* Conversation */ = {
			isa = PBXGroup;
			children = (
				C387C222219D74A7005DE328 /* Interactor */,
				C354F925216600EB0048320E /* Presenter */,
				C354F924216600E20048320E /* View */,
				C354F923216600D70048320E /* Cells */,
			);
			path = Conversation;
			sourceTree = "<group>";
		};
		C34CE226217CCC9F0066796A /* Providers */ = {
			isa = PBXGroup;
			children = (
				C34CE229217CD1950066796A /* UserInfoPathProvider.swift */,
				C34CE22B217CD1AB0066796A /* IUserInfoPathProvider.swift */,
				C34CE22D217CD7DD0066796A /* UserInfoStorageProvider.swift */,
				C34CE22F217CD7F30066796A /* IUserInfoStorageProvider.swift */,
			);
			path = Providers;
			sourceTree = "<group>";
		};
		C354F9202165FD170048320E /* DI Container */ = {
			isa = PBXGroup;
			children = (
				C354F9212165FD550048320E /* SwinjectContainer.swift */,
			);
			path = "DI Container";
			sourceTree = "<group>";
		};
		C354F923216600D70048320E /* Cells */ = {
			isa = PBXGroup;
			children = (
				C32DEFF921656FB4009645D9 /* IncomingMessageCell.swift */,
				C32DEFFA21656FB4009645D9 /* IncomingMessageCell.xib */,
				C32DEFFD21656FC9009645D9 /* OutgoingMessageCell.swift */,
				C32DEFFE21656FC9009645D9 /* OutgoingMessageCell.xib */,
				C354F9192165F60C0048320E /* ChatCell.swift */,
			);
			path = Cells;
			sourceTree = "<group>";
		};
		C354F924216600E20048320E /* View */ = {
			isa = PBXGroup;
			children = (
				C32DEFF521656DCB009645D9 /* ConversationViewController.swift */,
				C32DEFF721656E04009645D9 /* ConversationViewController.storyboard */,
				C354F926216600FA0048320E /* IConversationView.swift */,
			);
			path = View;
			sourceTree = "<group>";
		};
		C354F925216600EB0048320E /* Presenter */ = {
			isa = PBXGroup;
			children = (
				C354F928216601120048320E /* IConversationPresenter.swift */,
				C354F92A2166012D0048320E /* ConversationPresenter.swift */,
			);
			path = Presenter;
			sourceTree = "<group>";
		};
		C354F92C216601740048320E /* Cells */ = {
			isa = PBXGroup;
			children = (
				C32DEFE721652B6A009645D9 /* ConversationsListCell.swift */,
				C32DEFE821652B6A009645D9 /* ConversationsListCell.xib */,
			);
			path = Cells;
			sourceTree = "<group>";
		};
		C354F92D216601840048320E /* View */ = {
			isa = PBXGroup;
			children = (
				C32DEFE3216529AA009645D9 /* ConversationsListViewController.swift */,
				C32DEFE5216529EB009645D9 /* ConversationsListViewController.storyboard */,
				C354F92F216604100048320E /* IConversationsListView.swift */,
			);
			path = View;
			sourceTree = "<group>";
		};
		C354F92E2166018B0048320E /* Presenter */ = {
			isa = PBXGroup;
			children = (
				C354F931216604250048320E /* ConversationsListPresenter.swift */,
				C354F9332166043E0048320E /* IConversationsListPresenter.swift */,
			);
			path = Presenter;
			sourceTree = "<group>";
		};
		C35707A22152E61E00244E5E = {
			isa = PBXGroup;
			children = (
				C344392D2153A5F20056F34D /* Podfile */,
				C35707AD2152E61E00244E5E /* TinkoffChat */,
				C3E9E46321B90EAB00D443A8 /* TinkoffChatTests */,
				C35707AC2152E61E00244E5E /* Products */,
				1BC90DEF2A930949A24E0AAC /* Pods */,
				6FFD33456D9F6CC579AE9DA3 /* Frameworks */,
			);
			sourceTree = "<group>";
		};
		C35707AC2152E61E00244E5E /* Products */ = {
			isa = PBXGroup;
			children = (
				C35707AB2152E61E00244E5E /* TinkoffChat.app */,
				C3E9E46221B90EAB00D443A8 /* TinkoffChatTests.xctest */,
			);
			name = Products;
			sourceTree = "<group>";
		};
		C35707AD2152E61E00244E5E /* TinkoffChat */ = {
			isa = PBXGroup;
			children = (
				C387C27D219DE360005DE328 /* Core Layer */,
				C387C27C219DE356005DE328 /* Service Layer */,
				C387C27B219DE302005DE328 /* Presentation Layer */,
				C32DEFEC21653450009645D9 /* SupportingFiles */,
			);
			path = TinkoffChat;
			sourceTree = "<group>";
		};
		C387C208219AC1DF005DE328 /* DataServices */ = {
			isa = PBXGroup;
			children = (
				C31EB36A21B3111400672597 /* Online Conversations */,
				C387C286219EB666005DE328 /* User */,
				C387C285219EB659005DE328 /* Conversation */,
				C387C284219EB643005DE328 /* Messages */,
				C387C209219AC1F1005DE328 /* BaseDataServiceDelegate.swift */,
			);
			path = DataServices;
			sourceTree = "<group>";
		};
		C387C21A219D6B44005DE328 /* Interactor */ = {
			isa = PBXGroup;
			children = (
				C387C21B219D6B67005DE328 /* IConversationsListInteractor.swift */,
				C387C21E219D6B8A005DE328 /* ConversationsListInteractorDelegate.swift */,
				C387C220219D6BA1005DE328 /* ConversationsListInteractor.swift */,
			);
			path = Interactor;
			sourceTree = "<group>";
		};
		C387C222219D74A7005DE328 /* Interactor */ = {
			isa = PBXGroup;
			children = (
				C387C223219D74B3005DE328 /* ConversationInteractorDelegate.swift */,
				C387C225219D74C6005DE328 /* IConversationInteractor.swift */,
				C387C227219D74D8005DE328 /* ConversationInteractor.swift */,
			);
			path = Interactor;
			sourceTree = "<group>";
		};
		C387C26D219DDE78005DE328 /* Interactor */ = {
			isa = PBXGroup;
			children = (
				C387C26E219DDE99005DE328 /* ProfileInteractorDelegate.swift */,
				C387C270219DDEB2005DE328 /* IProfileInteractor.swift */,
				C387C272219DDEC6005DE328 /* ProfileInteractor.swift */,
			);
			path = Interactor;
			sourceTree = "<group>";
		};
		C387C274219DE26C005DE328 /* Interactor */ = {
			isa = PBXGroup;
			children = (
				C387C275219DE280005DE328 /* EditProfileInteractorDelegate.swift */,
				C387C277219DE291005DE328 /* IEditProfileInteractor.swift */,
				C387C279219DE2A7005DE328 /* EditProfileInteractor.swift */,
			);
			path = Interactor;
			sourceTree = "<group>";
		};
		C387C27B219DE302005DE328 /* Presentation Layer */ = {
			isa = PBXGroup;
			children = (
				C308830E21839819003E1564 /* Views */,
				C32DEFF321656C89009645D9 /* Screens */,
				C32DEFED21655B64009645D9 /* Models */,
			);
			path = "Presentation Layer";
			sourceTree = "<group>";
		};
		C387C27C219DE356005DE328 /* Service Layer */ = {
			isa = PBXGroup;
			children = (
				C323B2F7219577980096AE93 /* Helpers */,
				C3E9959521A743EC0067BD4D /* AvatarNetworkService */,
				C387C208219AC1DF005DE328 /* DataServices */,
				C354F91E2165F9D30048320E /* SelectedConversatinPreviewService.swift */,
				C354F939216605410048320E /* ISelectedConversationService.swift */,
				C3FF5C142180DDA000D5F899 /* MultipeerConnectionService.swift */,
				C30883162184783F003E1564 /* ICommunicationService.swift */,
				C308831821847851003E1564 /* ICommunicationServiceDelegate.swift */,
			);
			path = "Service Layer";
			sourceTree = "<group>";
		};
		C387C27D219DE360005DE328 /* Core Layer */ = {
			isa = PBXGroup;
			children = (
				C394C29821A99BA700315FC5 /* Helpers */,
				C32DEFF221656B95009645D9 /* Storages */,
				C31C19752185B48200F0EFD9 /* Extensions */,
				C354F9202165FD170048320E /* DI Container */,
			);
			path = "Core Layer";
			sourceTree = "<group>";
		};
		C387C284219EB643005DE328 /* Messages */ = {
			isa = PBXGroup;
			children = (
				C387C20B219AC205005DE328 /* MessagesDataServiceDelegate.swift */,
				C387C20D219AC21E005DE328 /* IMessagesDataService.swift */,
				C387C20F219AC23A005DE328 /* MessagesDataService.swift */,
			);
			path = Messages;
			sourceTree = "<group>";
		};
		C387C285219EB659005DE328 /* Conversation */ = {
			isa = PBXGroup;
			children = (
				C3D95EFE219BF561007911AD /* ConversationDataService.swift */,
				C3D95F00219BFE58007911AD /* IConversationDataService.swift */,
				C3D95F02219BFE6B007911AD /* ConversationDataServiceDelegate.swift */,
			);
			path = Conversation;
			sourceTree = "<group>";
		};
		C387C286219EB666005DE328 /* User */ = {
			isa = PBXGroup;
			children = (
				C3D95F04219BFEC9007911AD /* UserDataChangedService.swift */,
				C387C287219EB67F005DE328 /* UserProfileDataServiceDelegate.swift */,
				C387C289219EB692005DE328 /* IUserProfileDataService.swift */,
			);
			path = User;
			sourceTree = "<group>";
		};
		C390586A218E41EE002D4ED7 /* CoreData */ = {
			isa = PBXGroup;
			children = (
				C3760498218E185D00AFEEEA /* CoreDataUserInfoStorage.swift */,
				C3905868218E3021002D4ED7 /* CoreDataExtendedUserInfoStorage.swift */,
				C390586B218E4203002D4ED7 /* CoreDataStack.swift */,
				C323B2F521956EAE0096AE93 /* CoreDataConversationsStorage.swift */,
				C387C280219EB0BC005DE328 /* CoreDataMessagesStorage.swift */,
			);
			path = CoreData;
			sourceTree = "<group>";
		};
		C394C29821A99BA700315FC5 /* Helpers */ = {
			isa = PBXGroup;
			children = (
				C34CE226217CCC9F0066796A /* Providers */,
				C308831A21847889003E1564 /* Builders */,
			);
			path = Helpers;
			sourceTree = "<group>";
		};
		C3DC695A217B9AC200DCEBB1 /* Edit Profile */ = {
			isa = PBXGroup;
			children = (
				C387C274219DE26C005DE328 /* Interactor */,
				C3DC695C217B9AF100DCEBB1 /* View */,
				C3DC695B217B9AE600DCEBB1 /* Presenter */,
			);
			path = "Edit Profile";
			sourceTree = "<group>";
		};
		C3DC695B217B9AE600DCEBB1 /* Presenter */ = {
			isa = PBXGroup;
			children = (
				C3DC695D217B9B0800DCEBB1 /* EditProfilePresenter.swift */,
				C3DC696B217BB7F100DCEBB1 /* IEditProfilePresenter.swift */,
			);
			path = Presenter;
			sourceTree = "<group>";
		};
		C3DC695C217B9AF100DCEBB1 /* View */ = {
			isa = PBXGroup;
			children = (
				C3DC695F217B9B2700DCEBB1 /* EditProfileViewController.swift */,
				C3DC6961217B9B3E00DCEBB1 /* EditProfileViewController.storyboard */,
				C3DC6969217BB7C800DCEBB1 /* IEditProfileView.swift */,
			);
			path = View;
			sourceTree = "<group>";
		};
		C3DC6973217BCD9700DCEBB1 /* View */ = {
			isa = PBXGroup;
			children = (
				C35707B02152E61E00244E5E /* ProfileViewController.swift */,
				C35707B22152E61E00244E5E /* ProfileViewController.storyboard */,
				C3DC6975217BD0A000DCEBB1 /* IProfileView.swift */,
			);
			path = View;
			sourceTree = "<group>";
		};
		C3DC6974217BCDA100DCEBB1 /* Presenter */ = {
			isa = PBXGroup;
			children = (
				C3DC6977217BD0B500DCEBB1 /* IProfilePresenter.swift */,
				C3DC6979217BD0CB00DCEBB1 /* ProfilePresenter.swift */,
			);
			path = Presenter;
			sourceTree = "<group>";
		};
		C3E5D2C321B914E500ABC5BC /* Mocks */ = {
			isa = PBXGroup;
			children = (
				C3E5D2C621B9157200ABC5BC /* AvatarNetworkServiceMock.swift */,
				C3E5D2C421B9150100ABC5BC /* LoadAvatarViewMock.swift */,
				C3E5D2C821B915AF00ABC5BC /* UserProfileDataServiceMock.swift */,
			);
			path = Mocks;
			sourceTree = "<group>";
		};
		C3E9957F21A696640067BD4D /* Load Avatar */ = {
			isa = PBXGroup;
			children = (
				C3E9958E21A7431A0067BD4D /* Presenter */,
				C3E9958021A696870067BD4D /* View */,
			);
			path = "Load Avatar";
			sourceTree = "<group>";
		};
		C3E9958021A696870067BD4D /* View */ = {
			isa = PBXGroup;
			children = (
				C3E9959D21A7EEA00067BD4D /* Footer */,
				C3E9958121A6969C0067BD4D /* LoadAvatarViewController.swift */,
				C3E9958321A696C90067BD4D /* LoadAvatarViewController.storyboard */,
				C3E9959C21A7472F0067BD4D /* Cell */,
				C3E9959321A743AE0067BD4D /* ILoadAvatarView.swift */,
			);
			path = View;
			sourceTree = "<group>";
		};
		C3E9958E21A7431A0067BD4D /* Presenter */ = {
			isa = PBXGroup;
			children = (
				C3E9958F21A743270067BD4D /* ILoadAvatarPresenter.swift */,
				C3E9959121A743370067BD4D /* LoadAvatarPresenter.swift */,
			);
			path = Presenter;
			sourceTree = "<group>";
		};
		C3E9959521A743EC0067BD4D /* AvatarNetworkService */ = {
			isa = PBXGroup;
			children = (
				C3E9959621A743FD0067BD4D /* AvatarNetworkServiceDelegate.swift */,
				C3E9959821A7440E0067BD4D /* IAvatarNetworkService.swift */,
				C3E9959A21A7441F0067BD4D /* PixabayAvatarNetworkService.swift */,
			);
			path = AvatarNetworkService;
			sourceTree = "<group>";
		};
		C3E9959C21A7472F0067BD4D /* Cell */ = {
			isa = PBXGroup;
			children = (
				C3E9958621A7362F0067BD4D /* AvatarCell.xib */,
				C3E9958C21A742FD0067BD4D /* AvatarCell.swift */,
			);
			path = Cell;
			sourceTree = "<group>";
		};
		C3E9959D21A7EEA00067BD4D /* Footer */ = {
			isa = PBXGroup;
			children = (
			);
			path = Footer;
			sourceTree = "<group>";
		};
		C3E9E46321B90EAB00D443A8 /* TinkoffChatTests */ = {
			isa = PBXGroup;
			children = (
				C3E5D2C321B914E500ABC5BC /* Mocks */,
				C3E9E46421B90EAB00D443A8 /* LoadAvatarPresenterTests.swift */,
				C3E9E46621B90EAB00D443A8 /* Info.plist */,
			);
			path = TinkoffChatTests;
			sourceTree = "<group>";
		};
/* End PBXGroup section */

/* Begin PBXNativeTarget section */
		C35707AA2152E61E00244E5E /* TinkoffChat */ = {
			isa = PBXNativeTarget;
			buildConfigurationList = C35707BD2152E62100244E5E /* Build configuration list for PBXNativeTarget "TinkoffChat" */;
			buildPhases = (
				2109375FC79D22E166C9FB8B /* [CP] Check Pods Manifest.lock */,
				C35707A72152E61E00244E5E /* Sources */,
				C35707A82152E61E00244E5E /* Frameworks */,
				C35707A92152E61E00244E5E /* Resources */,
				C344392F2153A6B90056F34D /* SwiftLint */,
				6E1C8100B9BAAAD33E658D61 /* [CP] Embed Pods Frameworks */,
			);
			buildRules = (
			);
			dependencies = (
			);
			name = TinkoffChat;
			productName = TinkoffChat;
			productReference = C35707AB2152E61E00244E5E /* TinkoffChat.app */;
			productType = "com.apple.product-type.application";
		};
		C3E9E46121B90EAB00D443A8 /* TinkoffChatTests */ = {
			isa = PBXNativeTarget;
			buildConfigurationList = C3E9E46B21B90EAB00D443A8 /* Build configuration list for PBXNativeTarget "TinkoffChatTests" */;
			buildPhases = (
				C3E9E45E21B90EAB00D443A8 /* Sources */,
				C3E9E45F21B90EAB00D443A8 /* Frameworks */,
				C3E9E46021B90EAB00D443A8 /* Resources */,
			);
			buildRules = (
			);
			dependencies = (
				C3E9E46821B90EAB00D443A8 /* PBXTargetDependency */,
			);
			name = TinkoffChatTests;
			productName = TinkoffChatTests;
			productReference = C3E9E46221B90EAB00D443A8 /* TinkoffChatTests.xctest */;
			productType = "com.apple.product-type.bundle.unit-test";
		};
/* End PBXNativeTarget section */

/* Begin PBXProject section */
		C35707A32152E61E00244E5E /* Project object */ = {
			isa = PBXProject;
			attributes = {
				LastSwiftUpdateCheck = 1010;
				LastUpgradeCheck = 1000;
				ORGANIZATIONNAME = Sofia;
				TargetAttributes = {
					C35707AA2152E61E00244E5E = {
						CreatedOnToolsVersion = 10.0;
					};
					C3E9E46121B90EAB00D443A8 = {
						CreatedOnToolsVersion = 10.1;
						TestTargetID = C35707AA2152E61E00244E5E;
					};
				};
			};
			buildConfigurationList = C35707A62152E61E00244E5E /* Build configuration list for PBXProject "TinkoffChat" */;
			compatibilityVersion = "Xcode 9.3";
			developmentRegion = en;
			hasScannedForEncodings = 0;
			knownRegions = (
				en,
				Base,
			);
			mainGroup = C35707A22152E61E00244E5E;
			productRefGroup = C35707AC2152E61E00244E5E /* Products */;
			projectDirPath = "";
			projectRoot = "";
			targets = (
				C35707AA2152E61E00244E5E /* TinkoffChat */,
				C3E9E46121B90EAB00D443A8 /* TinkoffChatTests */,
			);
		};
/* End PBXProject section */

/* Begin PBXResourcesBuildPhase section */
		C35707A92152E61E00244E5E /* Resources */ = {
			isa = PBXResourcesBuildPhase;
			buildActionMask = 2147483647;
			files = (
				C32DEFE6216529EB009645D9 /* ConversationsListViewController.storyboard in Resources */,
				C3E9958721A7362F0067BD4D /* AvatarCell.xib in Resources */,
				C32DEFFC21656FB4009645D9 /* IncomingMessageCell.xib in Resources */,
				C35707B92152E62100244E5E /* LaunchScreen.storyboard in Resources */,
				C32DEFEA21652B6A009645D9 /* ConversationsListCell.xib in Resources */,
				C3E9958421A696C90067BD4D /* LoadAvatarViewController.storyboard in Resources */,
				C32DF00021656FC9009645D9 /* OutgoingMessageCell.xib in Resources */,
				C35707B62152E62100244E5E /* Assets.xcassets in Resources */,
				C3DC6962217B9B3E00DCEBB1 /* EditProfileViewController.storyboard in Resources */,
				C344392E2153A5F20056F34D /* Podfile in Resources */,
				C32DEFF821656E04009645D9 /* ConversationViewController.storyboard in Resources */,
				C35707B42152E61E00244E5E /* ProfileViewController.storyboard in Resources */,
				C308831221839847003E1564 /* ExpandableTextView.xib in Resources */,
			);
			runOnlyForDeploymentPostprocessing = 0;
		};
		C3E9E46021B90EAB00D443A8 /* Resources */ = {
			isa = PBXResourcesBuildPhase;
			buildActionMask = 2147483647;
			files = (
			);
			runOnlyForDeploymentPostprocessing = 0;
		};
/* End PBXResourcesBuildPhase section */

/* Begin PBXShellScriptBuildPhase section */
		2109375FC79D22E166C9FB8B /* [CP] Check Pods Manifest.lock */ = {
			isa = PBXShellScriptBuildPhase;
			buildActionMask = 2147483647;
			files = (
			);
			inputPaths = (
				"${PODS_PODFILE_DIR_PATH}/Podfile.lock",
				"${PODS_ROOT}/Manifest.lock",
			);
			name = "[CP] Check Pods Manifest.lock";
			outputPaths = (
				"$(DERIVED_FILE_DIR)/Pods-TinkoffChat-checkManifestLockResult.txt",
			);
			runOnlyForDeploymentPostprocessing = 0;
			shellPath = /bin/sh;
			shellScript = "diff \"${PODS_PODFILE_DIR_PATH}/Podfile.lock\" \"${PODS_ROOT}/Manifest.lock\" > /dev/null\nif [ $? != 0 ] ; then\n    # print error to STDERR\n    echo \"error: The sandbox is not in sync with the Podfile.lock. Run 'pod install' or update your CocoaPods installation.\" >&2\n    exit 1\nfi\n# This output is used by Xcode 'outputs' to avoid re-running this script phase.\necho \"SUCCESS\" > \"${SCRIPT_OUTPUT_FILE_0}\"\n";
			showEnvVarsInLog = 0;
		};
		6E1C8100B9BAAAD33E658D61 /* [CP] Embed Pods Frameworks */ = {
			isa = PBXShellScriptBuildPhase;
			buildActionMask = 2147483647;
			files = (
			);
			inputPaths = (
				"${SRCROOT}/Pods/Target Support Files/Pods-TinkoffChat/Pods-TinkoffChat-frameworks.sh",
				"${BUILT_PRODUCTS_DIR}/Swinject/Swinject.framework",
				"${BUILT_PRODUCTS_DIR}/SwinjectStoryboard/SwinjectStoryboard.framework",
			);
			name = "[CP] Embed Pods Frameworks";
			outputPaths = (
				"${TARGET_BUILD_DIR}/${FRAMEWORKS_FOLDER_PATH}/Swinject.framework",
				"${TARGET_BUILD_DIR}/${FRAMEWORKS_FOLDER_PATH}/SwinjectStoryboard.framework",
			);
			runOnlyForDeploymentPostprocessing = 0;
			shellPath = /bin/sh;
			shellScript = "\"${SRCROOT}/Pods/Target Support Files/Pods-TinkoffChat/Pods-TinkoffChat-frameworks.sh\"\n";
			showEnvVarsInLog = 0;
		};
		C344392F2153A6B90056F34D /* SwiftLint */ = {
			isa = PBXShellScriptBuildPhase;
			buildActionMask = 2147483647;
			files = (
			);
			inputPaths = (
			);
			name = SwiftLint;
			outputPaths = (
			);
			runOnlyForDeploymentPostprocessing = 0;
			shellPath = /bin/sh;
			shellScript = "\"${PODS_ROOT}/SwiftLint/swiftlint\"\n";
		};
/* End PBXShellScriptBuildPhase section */

/* Begin PBXSourcesBuildPhase section */
		C35707A72152E61E00244E5E /* Sources */ = {
			isa = PBXSourcesBuildPhase;
			buildActionMask = 2147483647;
			files = (
				C3760499218E185D00AFEEEA /* CoreDataUserInfoStorage.swift in Sources */,
				C3E9959421A743AE0067BD4D /* ILoadAvatarView.swift in Sources */,
				C3DC696C217BB7F100DCEBB1 /* IEditProfilePresenter.swift in Sources */,
				C32DEFF621656DCB009645D9 /* ConversationViewController.swift in Sources */,
				C34CE228217CD1620066796A /* OperationsUserInfoStorage.swift in Sources */,
				C3D95EFF219BF561007911AD /* ConversationDataService.swift in Sources */,
				C387C283219EB623005DE328 /* IMessagesStorage.swift in Sources */,
				C31EB36C21B3113500672597 /* IOnlineConversationsDataService.swift in Sources */,
				C3E9959721A743FD0067BD4D /* AvatarNetworkServiceDelegate.swift in Sources */,
				C354F930216604100048320E /* IConversationsListView.swift in Sources */,
				C387C20C219AC205005DE328 /* MessagesDataServiceDelegate.swift in Sources */,
				C30883172184783F003E1564 /* ICommunicationService.swift in Sources */,
				C31EB37021B311BF00672597 /* OnlineConversationsDataServiceDelegate.swift in Sources */,
				C354F91A2165F60C0048320E /* ChatCell.swift in Sources */,
				C387C21F219D6B8A005DE328 /* ConversationsListInteractorDelegate.swift in Sources */,
				C390585D218E1ECE002D4ED7 /* TinkoffChat.xcdatamodeld in Sources */,
				C34CE230217CD7F30066796A /* IUserInfoStorageProvider.swift in Sources */,
				C354F929216601120048320E /* IConversationPresenter.swift in Sources */,
				C390586C218E4203002D4ED7 /* CoreDataStack.swift in Sources */,
				C354F936216605080048320E /* IConversationsStorage.swift in Sources */,
				C323B30621957E8D0096AE93 /* IUserInfoConverter.swift in Sources */,
				C32DEFE921652B6A009645D9 /* ConversationsListCell.swift in Sources */,
				C354F932216604250048320E /* ConversationsListPresenter.swift in Sources */,
				C3DC6978217BD0B500DCEBB1 /* IProfilePresenter.swift in Sources */,
				C3DC696A217BB7C800DCEBB1 /* IEditProfileView.swift in Sources */,
				C387C27A219DE2A7005DE328 /* EditProfileInteractor.swift in Sources */,
				C3E9959921A7440E0067BD4D /* IAvatarNetworkService.swift in Sources */,
				C3D95F03219BFE6B007911AD /* ConversationDataServiceDelegate.swift in Sources */,
				C308831C21847895003E1564 /* IErrorAlertBuilder.swift in Sources */,
				C387C20A219AC1F1005DE328 /* BaseDataServiceDelegate.swift in Sources */,
				C387C281219EB0BC005DE328 /* CoreDataMessagesStorage.swift in Sources */,
				C308832021848856003E1564 /* Conversation.swift in Sources */,
				C3DC6964217BA71500DCEBB1 /* UserInfo.swift in Sources */,
				C387C28A219EB692005DE328 /* IUserProfileDataService.swift in Sources */,
				C3DC697A217BD0CB00DCEBB1 /* ProfilePresenter.swift in Sources */,
				C3EBEF7221B12FA900B406BC /* TinkoffViewController.swift in Sources */,
				C387C228219D74D8005DE328 /* ConversationInteractor.swift in Sources */,
				C32DEFE4216529AA009645D9 /* ConversationsListViewController.swift in Sources */,
				C3D95EFD2198AE17007911AD /* FetchRequestBuilder.swift in Sources */,
				C3E9958D21A742FD0067BD4D /* AvatarCell.swift in Sources */,
				C323B2F621956EAE0096AE93 /* CoreDataConversationsStorage.swift in Sources */,
				C387C276219DE280005DE328 /* EditProfileInteractorDelegate.swift in Sources */,
				C3D95EF82197458B007911AD /* ConversationEntity+CoreDataClass.swift in Sources */,
				C3DC6976217BD0A000DCEBB1 /* IProfileView.swift in Sources */,
				C387C26F219DDE99005DE328 /* ProfileInteractorDelegate.swift in Sources */,
				C35707B12152E61E00244E5E /* ProfileViewController.swift in Sources */,
				C387C226219D74C6005DE328 /* IConversationInteractor.swift in Sources */,
				C308831321839847003E1564 /* ExpandableTextView.swift in Sources */,
				C3E9959221A743370067BD4D /* LoadAvatarPresenter.swift in Sources */,
				C3905869218E3021002D4ED7 /* CoreDataExtendedUserInfoStorage.swift in Sources */,
				C32DEFFF21656FC9009645D9 /* OutgoingMessageCell.swift in Sources */,
				C3E9958B21A742DF0067BD4D /* AvatarImage.swift in Sources */,
				C387C21C219D6B67005DE328 /* IConversationsListInteractor.swift in Sources */,
				C3E9958921A742C20067BD4D /* PixabayResult.swift in Sources */,
				C354F93A216605410048320E /* ISelectedConversationService.swift in Sources */,
				C387C210219AC23A005DE328 /* MessagesDataService.swift in Sources */,
				C31C19772185B49E00F0EFD9 /* Array+firstIndex.swift in Sources */,
				C32DEFFB21656FB4009645D9 /* IncomingMessageCell.swift in Sources */,
				C31EB36E21B3114F00672597 /* OnlineConversationsDataService.swift in Sources */,
				C3E995A721A8A0820067BD4D /* UserInfoEntity+CoreDataProperties.swift in Sources */,
				C3E995A621A8A0820067BD4D /* UserInfoEntity+CoreDataClass.swift in Sources */,
				C3E9959021A743270067BD4D /* ILoadAvatarPresenter.swift in Sources */,
				C3DC6968217BB5E600DCEBB1 /* GCDUserInfoStorage.swift in Sources */,
				C387C278219DE291005DE328 /* IEditProfileInteractor.swift in Sources */,
				C308831E218478A6003E1564 /* ErrorAlertBuilder.swift in Sources */,
				C354F9222165FD550048320E /* SwinjectContainer.swift in Sources */,
				C3D95F01219BFE58007911AD /* IConversationDataService.swift in Sources */,
				C3FF5C152180DDA000D5F899 /* MultipeerConnectionService.swift in Sources */,
				C387C221219D6BA1005DE328 /* ConversationsListInteractor.swift in Sources */,
				C323B30C219580800096AE93 /* IDBuilder.swift in Sources */,
				C323B30821957EA20096AE93 /* IConversationConverter.swift in Sources */,
				C3E9958221A6969C0067BD4D /* LoadAvatarViewController.swift in Sources */,
				C387C271219DDEB2005DE328 /* IProfileInteractor.swift in Sources */,
				C3F835352196C5C000A2D767 /* MessageEntity+CoreDataClass.swift in Sources */,
				C34CE22A217CD1950066796A /* UserInfoPathProvider.swift in Sources */,
				C34CE22E217CD7DE0066796A /* UserInfoStorageProvider.swift in Sources */,
				C387C224219D74B3005DE328 /* ConversationInteractorDelegate.swift in Sources */,
				C387C273219DDEC6005DE328 /* ProfileInteractor.swift in Sources */,
				C3F835342196C5C000A2D767 /* MessageEntity+CoreDataProperties.swift in Sources */,
				C3D95F05219BFEC9007911AD /* UserDataChangedService.swift in Sources */,
				C354F9342166043E0048320E /* IConversationsListPresenter.swift in Sources */,
				C354F92B2166012D0048320E /* ConversationPresenter.swift in Sources */,
				C3E9959B21A7441F0067BD4D /* PixabayAvatarNetworkService.swift in Sources */,
				C354F91F2165F9D30048320E /* SelectedConversatinPreviewService.swift in Sources */,
				C3D95EF92197458B007911AD /* ConversationEntity+CoreDataProperties.swift in Sources */,
				C354F9182165F1270048320E /* Message.swift in Sources */,
				C387C288219EB67F005DE328 /* UserProfileDataServiceDelegate.swift in Sources */,
				C308831921847851003E1564 /* ICommunicationServiceDelegate.swift in Sources */,
				C387C20E219AC21E005DE328 /* IMessagesDataService.swift in Sources */,
				C3DC695E217B9B0800DCEBB1 /* EditProfilePresenter.swift in Sources */,
				C3E995A321A8667E0067BD4D /* LoadedImage.swift in Sources */,
				C3DC6966217BB5C900DCEBB1 /* IUserInfoStorage.swift in Sources */,
				C34CE22C217CD1AB0066796A /* IUserInfoPathProvider.swift in Sources */,
				C32DEFEF21655B78009645D9 /* ConversationPreview.swift in Sources */,
				C354F927216600FA0048320E /* IConversationView.swift in Sources */,
				C3DC6960217B9B2700DCEBB1 /* EditProfileViewController.swift in Sources */,
				C35707AF2152E61E00244E5E /* AppDelegate.swift in Sources */,
				C323B30A21957EB50096AE93 /* IMessageConverter.swift in Sources */,
			);
			runOnlyForDeploymentPostprocessing = 0;
		};
		C3E9E45E21B90EAB00D443A8 /* Sources */ = {
			isa = PBXSourcesBuildPhase;
			buildActionMask = 2147483647;
			files = (
				C3E5D2C921B915AF00ABC5BC /* UserProfileDataServiceMock.swift in Sources */,
				C3E5D2C721B9157200ABC5BC /* AvatarNetworkServiceMock.swift in Sources */,
				C3E9E46521B90EAB00D443A8 /* LoadAvatarPresenterTests.swift in Sources */,
				C3E5D2C521B9150100ABC5BC /* LoadAvatarViewMock.swift in Sources */,
			);
			runOnlyForDeploymentPostprocessing = 0;
		};
/* End PBXSourcesBuildPhase section */

/* Begin PBXTargetDependency section */
		C3E9E46821B90EAB00D443A8 /* PBXTargetDependency */ = {
			isa = PBXTargetDependency;
			target = C35707AA2152E61E00244E5E /* TinkoffChat */;
			targetProxy = C3E9E46721B90EAB00D443A8 /* PBXContainerItemProxy */;
		};
/* End PBXTargetDependency section */

/* Begin PBXVariantGroup section */
		C35707B22152E61E00244E5E /* ProfileViewController.storyboard */ = {
			isa = PBXVariantGroup;
			children = (
				C35707B32152E61E00244E5E /* Base */,
			);
			name = ProfileViewController.storyboard;
			sourceTree = "<group>";
		};
		C35707B72152E62100244E5E /* LaunchScreen.storyboard */ = {
			isa = PBXVariantGroup;
			children = (
				C35707B82152E62100244E5E /* Base */,
			);
			name = LaunchScreen.storyboard;
			sourceTree = "<group>";
		};
/* End PBXVariantGroup section */

/* Begin XCBuildConfiguration section */
		C35707BB2152E62100244E5E /* Debug */ = {
			isa = XCBuildConfiguration;
			buildSettings = {
				ALWAYS_SEARCH_USER_PATHS = NO;
				CLANG_ANALYZER_NONNULL = YES;
				CLANG_ANALYZER_NUMBER_OBJECT_CONVERSION = YES_AGGRESSIVE;
				CLANG_CXX_LANGUAGE_STANDARD = "gnu++14";
				CLANG_CXX_LIBRARY = "libc++";
				CLANG_ENABLE_MODULES = YES;
				CLANG_ENABLE_OBJC_ARC = YES;
				CLANG_ENABLE_OBJC_WEAK = YES;
				CLANG_WARN_BLOCK_CAPTURE_AUTORELEASING = YES;
				CLANG_WARN_BOOL_CONVERSION = YES;
				CLANG_WARN_COMMA = YES;
				CLANG_WARN_CONSTANT_CONVERSION = YES;
				CLANG_WARN_DEPRECATED_OBJC_IMPLEMENTATIONS = YES;
				CLANG_WARN_DIRECT_OBJC_ISA_USAGE = YES_ERROR;
				CLANG_WARN_DOCUMENTATION_COMMENTS = YES;
				CLANG_WARN_EMPTY_BODY = YES;
				CLANG_WARN_ENUM_CONVERSION = YES;
				CLANG_WARN_INFINITE_RECURSION = YES;
				CLANG_WARN_INT_CONVERSION = YES;
				CLANG_WARN_NON_LITERAL_NULL_CONVERSION = YES;
				CLANG_WARN_OBJC_IMPLICIT_RETAIN_SELF = YES;
				CLANG_WARN_OBJC_LITERAL_CONVERSION = YES;
				CLANG_WARN_OBJC_ROOT_CLASS = YES_ERROR;
				CLANG_WARN_RANGE_LOOP_ANALYSIS = YES;
				CLANG_WARN_STRICT_PROTOTYPES = YES;
				CLANG_WARN_SUSPICIOUS_MOVE = YES;
				CLANG_WARN_UNGUARDED_AVAILABILITY = YES_AGGRESSIVE;
				CLANG_WARN_UNREACHABLE_CODE = YES;
				CLANG_WARN__DUPLICATE_METHOD_MATCH = YES;
				CODE_SIGN_IDENTITY = "iPhone Developer";
				COPY_PHASE_STRIP = NO;
				DEBUG_INFORMATION_FORMAT = dwarf;
				ENABLE_STRICT_OBJC_MSGSEND = YES;
				ENABLE_TESTABILITY = YES;
				GCC_C_LANGUAGE_STANDARD = gnu11;
				GCC_DYNAMIC_NO_PIC = NO;
				GCC_NO_COMMON_BLOCKS = YES;
				GCC_OPTIMIZATION_LEVEL = 0;
				GCC_PREPROCESSOR_DEFINITIONS = (
					"DEBUG=1",
					"$(inherited)",
				);
				GCC_WARN_64_TO_32_BIT_CONVERSION = YES;
				GCC_WARN_ABOUT_RETURN_TYPE = YES_ERROR;
				GCC_WARN_UNDECLARED_SELECTOR = YES;
				GCC_WARN_UNINITIALIZED_AUTOS = YES_AGGRESSIVE;
				GCC_WARN_UNUSED_FUNCTION = YES;
				GCC_WARN_UNUSED_VARIABLE = YES;
				IPHONEOS_DEPLOYMENT_TARGET = 11.4;
				MTL_ENABLE_DEBUG_INFO = INCLUDE_SOURCE;
				MTL_FAST_MATH = YES;
				ONLY_ACTIVE_ARCH = YES;
				SDKROOT = iphoneos;
				SWIFT_ACTIVE_COMPILATION_CONDITIONS = DEBUG;
				SWIFT_OPTIMIZATION_LEVEL = "-Onone";
				SWIFT_VERSION = 4.0;
			};
			name = Debug;
		};
		C35707BC2152E62100244E5E /* Release */ = {
			isa = XCBuildConfiguration;
			buildSettings = {
				ALWAYS_SEARCH_USER_PATHS = NO;
				CLANG_ANALYZER_NONNULL = YES;
				CLANG_ANALYZER_NUMBER_OBJECT_CONVERSION = YES_AGGRESSIVE;
				CLANG_CXX_LANGUAGE_STANDARD = "gnu++14";
				CLANG_CXX_LIBRARY = "libc++";
				CLANG_ENABLE_MODULES = YES;
				CLANG_ENABLE_OBJC_ARC = YES;
				CLANG_ENABLE_OBJC_WEAK = YES;
				CLANG_WARN_BLOCK_CAPTURE_AUTORELEASING = YES;
				CLANG_WARN_BOOL_CONVERSION = YES;
				CLANG_WARN_COMMA = YES;
				CLANG_WARN_CONSTANT_CONVERSION = YES;
				CLANG_WARN_DEPRECATED_OBJC_IMPLEMENTATIONS = YES;
				CLANG_WARN_DIRECT_OBJC_ISA_USAGE = YES_ERROR;
				CLANG_WARN_DOCUMENTATION_COMMENTS = YES;
				CLANG_WARN_EMPTY_BODY = YES;
				CLANG_WARN_ENUM_CONVERSION = YES;
				CLANG_WARN_INFINITE_RECURSION = YES;
				CLANG_WARN_INT_CONVERSION = YES;
				CLANG_WARN_NON_LITERAL_NULL_CONVERSION = YES;
				CLANG_WARN_OBJC_IMPLICIT_RETAIN_SELF = YES;
				CLANG_WARN_OBJC_LITERAL_CONVERSION = YES;
				CLANG_WARN_OBJC_ROOT_CLASS = YES_ERROR;
				CLANG_WARN_RANGE_LOOP_ANALYSIS = YES;
				CLANG_WARN_STRICT_PROTOTYPES = YES;
				CLANG_WARN_SUSPICIOUS_MOVE = YES;
				CLANG_WARN_UNGUARDED_AVAILABILITY = YES_AGGRESSIVE;
				CLANG_WARN_UNREACHABLE_CODE = YES;
				CLANG_WARN__DUPLICATE_METHOD_MATCH = YES;
				CODE_SIGN_IDENTITY = "iPhone Developer";
				COPY_PHASE_STRIP = NO;
				DEBUG_INFORMATION_FORMAT = "dwarf-with-dsym";
				ENABLE_NS_ASSERTIONS = NO;
				ENABLE_STRICT_OBJC_MSGSEND = YES;
				GCC_C_LANGUAGE_STANDARD = gnu11;
				GCC_NO_COMMON_BLOCKS = YES;
				GCC_WARN_64_TO_32_BIT_CONVERSION = YES;
				GCC_WARN_ABOUT_RETURN_TYPE = YES_ERROR;
				GCC_WARN_UNDECLARED_SELECTOR = YES;
				GCC_WARN_UNINITIALIZED_AUTOS = YES_AGGRESSIVE;
				GCC_WARN_UNUSED_FUNCTION = YES;
				GCC_WARN_UNUSED_VARIABLE = YES;
				IPHONEOS_DEPLOYMENT_TARGET = 11.4;
				MTL_ENABLE_DEBUG_INFO = NO;
				MTL_FAST_MATH = YES;
				SDKROOT = iphoneos;
				SWIFT_COMPILATION_MODE = wholemodule;
				SWIFT_OPTIMIZATION_LEVEL = "-O";
				SWIFT_VERSION = 4.0;
				VALIDATE_PRODUCT = YES;
			};
			name = Release;
		};
		C35707BE2152E62100244E5E /* Debug */ = {
			isa = XCBuildConfiguration;
			baseConfigurationReference = A1DF6E4940474C0A970C8446 /* Pods-TinkoffChat.debug.xcconfig */;
			buildSettings = {
				ASSETCATALOG_COMPILER_APPICON_NAME = AppIcon;
				CODE_SIGN_IDENTITY = "iPhone Developer";
				CODE_SIGN_STYLE = Automatic;
				DEVELOPMENT_TEAM = 7U8A899S5N;
				INFOPLIST_FILE = "$(SRCROOT)/TinkoffChat/SupportingFiles/Info.plist";
				IPHONEOS_DEPLOYMENT_TARGET = 11.4;
				LD_RUNPATH_SEARCH_PATHS = (
					"$(inherited)",
					"@executable_path/Frameworks",
				);
				PRODUCT_BUNDLE_IDENTIFIER = ru.SofiaRozhina.TinkoffChat;
				PRODUCT_NAME = "$(TARGET_NAME)";
				PROVISIONING_PROFILE_SPECIFIER = "";
				SWIFT_VERSION = 4.0;
				TARGETED_DEVICE_FAMILY = 1;
			};
			name = Debug;
		};
		C35707BF2152E62100244E5E /* Release */ = {
			isa = XCBuildConfiguration;
			baseConfigurationReference = 586B77D09CDBE0735567996D /* Pods-TinkoffChat.release.xcconfig */;
			buildSettings = {
				ASSETCATALOG_COMPILER_APPICON_NAME = AppIcon;
				CODE_SIGN_IDENTITY = "iPhone Developer";
				CODE_SIGN_STYLE = Automatic;
				DEVELOPMENT_TEAM = 7U8A899S5N;
				INFOPLIST_FILE = "$(SRCROOT)/TinkoffChat/SupportingFiles/Info.plist";
				IPHONEOS_DEPLOYMENT_TARGET = 11.4;
				LD_RUNPATH_SEARCH_PATHS = (
					"$(inherited)",
					"@executable_path/Frameworks",
				);
				PRODUCT_BUNDLE_IDENTIFIER = ru.SofiaRozhina.TinkoffChat;
				PRODUCT_NAME = "$(TARGET_NAME)";
				PROVISIONING_PROFILE_SPECIFIER = "";
				SWIFT_VERSION = 4.0;
				TARGETED_DEVICE_FAMILY = 1;
			};
			name = Release;
		};
		C3E9E46921B90EAB00D443A8 /* Debug */ = {
			isa = XCBuildConfiguration;
			buildSettings = {
				BUNDLE_LOADER = "$(TEST_HOST)";
				CODE_SIGN_STYLE = Automatic;
				DEVELOPMENT_TEAM = 7U8A899S5N;
				INFOPLIST_FILE = TinkoffChatTests/Info.plist;
				IPHONEOS_DEPLOYMENT_TARGET = 12.1;
				LD_RUNPATH_SEARCH_PATHS = (
					"$(inherited)",
					"@executable_path/Frameworks",
					"@loader_path/Frameworks",
				);
				PRODUCT_BUNDLE_IDENTIFIER = SonyaTest.TinkoffChatTests;
				PRODUCT_NAME = "$(TARGET_NAME)";
				SWIFT_VERSION = 4.2;
				TARGETED_DEVICE_FAMILY = "1,2";
				TEST_HOST = "$(BUILT_PRODUCTS_DIR)/TinkoffChat.app/TinkoffChat";
			};
			name = Debug;
		};
		C3E9E46A21B90EAB00D443A8 /* Release */ = {
			isa = XCBuildConfiguration;
			buildSettings = {
				BUNDLE_LOADER = "$(TEST_HOST)";
				CODE_SIGN_STYLE = Automatic;
				DEVELOPMENT_TEAM = 7U8A899S5N;
				INFOPLIST_FILE = TinkoffChatTests/Info.plist;
				IPHONEOS_DEPLOYMENT_TARGET = 12.1;
				LD_RUNPATH_SEARCH_PATHS = (
					"$(inherited)",
					"@executable_path/Frameworks",
					"@loader_path/Frameworks",
				);
				PRODUCT_BUNDLE_IDENTIFIER = SonyaTest.TinkoffChatTests;
				PRODUCT_NAME = "$(TARGET_NAME)";
				SWIFT_VERSION = 4.2;
				TARGETED_DEVICE_FAMILY = "1,2";
				TEST_HOST = "$(BUILT_PRODUCTS_DIR)/TinkoffChat.app/TinkoffChat";
			};
			name = Release;
		};
/* End XCBuildConfiguration section */

/* Begin XCConfigurationList section */
		C35707A62152E61E00244E5E /* Build configuration list for PBXProject "TinkoffChat" */ = {
			isa = XCConfigurationList;
			buildConfigurations = (
				C35707BB2152E62100244E5E /* Debug */,
				C35707BC2152E62100244E5E /* Release */,
			);
			defaultConfigurationIsVisible = 0;
			defaultConfigurationName = Release;
		};
		C35707BD2152E62100244E5E /* Build configuration list for PBXNativeTarget "TinkoffChat" */ = {
			isa = XCConfigurationList;
			buildConfigurations = (
				C35707BE2152E62100244E5E /* Debug */,
				C35707BF2152E62100244E5E /* Release */,
			);
			defaultConfigurationIsVisible = 0;
			defaultConfigurationName = Release;
		};
		C3E9E46B21B90EAB00D443A8 /* Build configuration list for PBXNativeTarget "TinkoffChatTests" */ = {
			isa = XCConfigurationList;
			buildConfigurations = (
				C3E9E46921B90EAB00D443A8 /* Debug */,
				C3E9E46A21B90EAB00D443A8 /* Release */,
			);
			defaultConfigurationIsVisible = 0;
			defaultConfigurationName = Release;
		};
/* End XCConfigurationList section */

/* Begin XCVersionGroup section */
		C390585B218E1ECE002D4ED7 /* TinkoffChat.xcdatamodeld */ = {
			isa = XCVersionGroup;
			children = (
				C390585C218E1ECE002D4ED7 /* TinkoffChat.xcdatamodel */,
			);
			currentVersion = C390585C218E1ECE002D4ED7 /* TinkoffChat.xcdatamodel */;
			path = TinkoffChat.xcdatamodeld;
			sourceTree = "<group>";
			versionGroupType = wrapper.xcdatamodel;
		};
/* End XCVersionGroup section */
	};
	rootObject = C35707A32152E61E00244E5E /* Project object */;
}
